// !$*UTF8*$!
{
	archiveVersion = 1;
	classes = {
	};
	objectVersion = 46;
	objects = {

/* Begin PBXAggregateTarget section */
		B6D303671A93400500A175D0 /* Framework */ = {
			isa = PBXAggregateTarget;
			buildConfigurationList = B6D303681A93400500A175D0 /* Build configuration list for PBXAggregateTarget "Framework" */;
			buildPhases = (
				B6D3036D1A93406100A175D0 /* MultiPlatform Build */,
			);
			dependencies = (
				B6D3036C1A93404C00A175D0 /* PBXTargetDependency */,
			);
			name = Framework;
			productName = Framework;
		};
/* End PBXAggregateTarget section */

/* Begin PBXBuildFile section */
		5304B1DD1ABADCB0000027C6 /* OPAYConstants.h in Headers */ = {isa = PBXBuildFile; fileRef = 5304B1DB1ABADCB0000027C6 /* OPAYConstants.h */; settings = {ATTRIBUTES = (Public, ); }; };
		5304B1DE1ABADCB0000027C6 /* OPAYConstants.m in Sources */ = {isa = PBXBuildFile; fileRef = 5304B1DC1ABADCB0000027C6 /* OPAYConstants.m */; };
		B6A7A55D1ABAD16A0016755F /* OPAYMockPaymentSummaryViewController.xib in Headers */ = {isa = PBXBuildFile; fileRef = B6F23E991AB9924E00692020 /* OPAYMockPaymentSummaryViewController.xib */; settings = {ATTRIBUTES = (Public, ); }; };
		B6D303001A933CD300A175D0 /* UIKit.framework in Frameworks */ = {isa = PBXBuildFile; fileRef = B6D302FF1A933CD300A175D0 /* UIKit.framework */; };
		B6D303021A933CDA00A175D0 /* Foundation.framework in Frameworks */ = {isa = PBXBuildFile; fileRef = B6D303011A933CDA00A175D0 /* Foundation.framework */; };
		B6D303071A933D3B00A175D0 /* OPAYPaymentAuthorizationProcess.h in Headers */ = {isa = PBXBuildFile; fileRef = B6D303051A933D3B00A175D0 /* OPAYPaymentAuthorizationProcess.h */; settings = {ATTRIBUTES = (Public, ); }; };
		B6D303081A933D3B00A175D0 /* OPAYPaymentAuthorizationProcess.m in Sources */ = {isa = PBXBuildFile; fileRef = B6D303061A933D3B00A175D0 /* OPAYPaymentAuthorizationProcess.m */; };
		B6D303191A933DD800A175D0 /* OPAYDef.h in Headers */ = {isa = PBXBuildFile; fileRef = B6D3030D1A933DD800A175D0 /* OPAYDef.h */; };
		B6D3031A1A933DD800A175D0 /* OPAYDef.m in Sources */ = {isa = PBXBuildFile; fileRef = B6D3030E1A933DD800A175D0 /* OPAYDef.m */; };
		B6D3031B1A933DD800A175D0 /* OPAYApplePayPaymentTokenInfo.h in Headers */ = {isa = PBXBuildFile; fileRef = B6D3030F1A933DD800A175D0 /* OPAYApplePayPaymentTokenInfo.h */; };
		B6D3031C1A933DD800A175D0 /* OPAYApplePayPaymentTokenInfo.m in Sources */ = {isa = PBXBuildFile; fileRef = B6D303101A933DD800A175D0 /* OPAYApplePayPaymentTokenInfo.m */; };
		B6D3031D1A933DD800A175D0 /* OPAYPayment.h in Headers */ = {isa = PBXBuildFile; fileRef = B6D303111A933DD800A175D0 /* OPAYPayment.h */; };
		B6D3031E1A933DD800A175D0 /* OPAYPayment.m in Sources */ = {isa = PBXBuildFile; fileRef = B6D303121A933DD800A175D0 /* OPAYPayment.m */; };
		B6D303211A933DD800A175D0 /* OPAYRequestApplePaySingleUseTokens.h in Headers */ = {isa = PBXBuildFile; fileRef = B6D303151A933DD800A175D0 /* OPAYRequestApplePaySingleUseTokens.h */; };
		B6D303221A933DD800A175D0 /* OPAYRequestApplePaySingleUseTokens.m in Sources */ = {isa = PBXBuildFile; fileRef = B6D303161A933DD800A175D0 /* OPAYRequestApplePaySingleUseTokens.m */; };
		B6F23EA01AB9924E00692020 /* OPAYMockShippingManager.h in Headers */ = {isa = PBXBuildFile; fileRef = B6F23E881AB9924E00692020 /* OPAYMockShippingManager.h */; };
		B6F23EA11AB9924E00692020 /* OPAYMockShippingManager.m in Sources */ = {isa = PBXBuildFile; fileRef = B6F23E891AB9924E00692020 /* OPAYMockShippingManager.m */; };
		B6F23EA21AB9924E00692020 /* OPAYMockAddressStore.h in Headers */ = {isa = PBXBuildFile; fileRef = B6F23E8A1AB9924E00692020 /* OPAYMockAddressStore.h */; };
		B6F23EA31AB9924E00692020 /* OPAYMockAddressStore.m in Sources */ = {isa = PBXBuildFile; fileRef = B6F23E8B1AB9924E00692020 /* OPAYMockAddressStore.m */; };
		B6F23EA41AB9924E00692020 /* OPAYMockApplePayDef.h in Headers */ = {isa = PBXBuildFile; fileRef = B6F23E8C1AB9924E00692020 /* OPAYMockApplePayDef.h */; };
		B6F23EA51AB9924E00692020 /* OPAYMockApplePayDef.m in Sources */ = {isa = PBXBuildFile; fileRef = B6F23E8D1AB9924E00692020 /* OPAYMockApplePayDef.m */; };
		B6F23EA61AB9924E00692020 /* OPAYMockCardStore.h in Headers */ = {isa = PBXBuildFile; fileRef = B6F23E8E1AB9924E00692020 /* OPAYMockCardStore.h */; };
		B6F23EA71AB9924E00692020 /* OPAYMockCardStore.m in Sources */ = {isa = PBXBuildFile; fileRef = B6F23E8F1AB9924E00692020 /* OPAYMockCardStore.m */; };
		B6F23EA81AB9924E00692020 /* OPAYMockDataStore.h in Headers */ = {isa = PBXBuildFile; fileRef = B6F23E901AB9924E00692020 /* OPAYMockDataStore.h */; };
		B6F23EA91AB9924E00692020 /* OPAYMockDataTableViewController.h in Headers */ = {isa = PBXBuildFile; fileRef = B6F23E911AB9924E00692020 /* OPAYMockDataTableViewController.h */; };
		B6F23EAA1AB9924E00692020 /* OPAYMockDataTableViewController.m in Sources */ = {isa = PBXBuildFile; fileRef = B6F23E921AB9924E00692020 /* OPAYMockDataTableViewController.m */; };
		B6F23EAB1AB9924E00692020 /* OPAYMockPayment.h in Headers */ = {isa = PBXBuildFile; fileRef = B6F23E931AB9924E00692020 /* OPAYMockPayment.h */; };
		B6F23EAC1AB9924E00692020 /* OPAYMockPayment.m in Sources */ = {isa = PBXBuildFile; fileRef = B6F23E941AB9924E00692020 /* OPAYMockPayment.m */; };
		B6F23EAD1AB9924E00692020 /* OPAYMockPaymentAuthorizationProcess.h in Headers */ = {isa = PBXBuildFile; fileRef = B6F23E951AB9924E00692020 /* OPAYMockPaymentAuthorizationProcess.h */; };
		B6F23EAE1AB9924E00692020 /* OPAYMockPaymentAuthorizationProcess.m in Sources */ = {isa = PBXBuildFile; fileRef = B6F23E961AB9924E00692020 /* OPAYMockPaymentAuthorizationProcess.m */; };
		B6F23EAF1AB9924E00692020 /* OPAYMockPaymentSummaryViewController.h in Headers */ = {isa = PBXBuildFile; fileRef = B6F23E971AB9924E00692020 /* OPAYMockPaymentSummaryViewController.h */; };
		B6F23EB01AB9924E00692020 /* OPAYMockPaymentSummaryViewController.m in Sources */ = {isa = PBXBuildFile; fileRef = B6F23E981AB9924E00692020 /* OPAYMockPaymentSummaryViewController.m */; };
		B6F23EB11AB9924E00692020 /* OPAYMockShippingMethodStore.h in Headers */ = {isa = PBXBuildFile; fileRef = B6F23E9A1AB9924E00692020 /* OPAYMockShippingMethodStore.h */; };
		B6F23EB21AB9924E00692020 /* OPAYMockShippingMethodStore.m in Sources */ = {isa = PBXBuildFile; fileRef = B6F23E9B1AB9924E00692020 /* OPAYMockShippingMethodStore.m */; };
		B6F23EB31AB9924E00692020 /* PKPayment+OPAYMockKeys.h in Headers */ = {isa = PBXBuildFile; fileRef = B6F23E9C1AB9924E00692020 /* PKPayment+OPAYMockKeys.h */; };
		B6F23EB41AB9924E00692020 /* PKPayment+OPAYMockKeys.m in Sources */ = {isa = PBXBuildFile; fileRef = B6F23E9D1AB9924E00692020 /* PKPayment+OPAYMockKeys.m */; };
/* End PBXBuildFile section */

/* Begin PBXContainerItemProxy section */
		B6D3036B1A93404C00A175D0 /* PBXContainerItemProxy */ = {
			isa = PBXContainerItemProxy;
			containerPortal = B6D302DD1A933CC400A175D0 /* Project object */;
			proxyType = 1;
			remoteGlobalIDString = B6D302E41A933CC400A175D0;
			remoteInfo = OptimalApplePay;
		};
/* End PBXContainerItemProxy section */

/* Begin PBXCopyFilesBuildPhase section */
		B6D302E31A933CC400A175D0 /* CopyFiles */ = {
			isa = PBXCopyFilesBuildPhase;
			buildActionMask = 2147483647;
			dstPath = "include/$(PRODUCT_NAME)";
			dstSubfolderSpec = 16;
			files = (
			);
			runOnlyForDeploymentPostprocessing = 0;
		};
/* End PBXCopyFilesBuildPhase section */

/* Begin PBXFileReference section */
		5304B1DB1ABADCB0000027C6 /* OPAYConstants.h */ = {isa = PBXFileReference; fileEncoding = 4; lastKnownFileType = sourcecode.c.h; path = OPAYConstants.h; sourceTree = "<group>"; };
		5304B1DC1ABADCB0000027C6 /* OPAYConstants.m */ = {isa = PBXFileReference; fileEncoding = 4; lastKnownFileType = sourcecode.c.objc; path = OPAYConstants.m; sourceTree = "<group>"; };
		B6D302E51A933CC400A175D0 /* libOptimalApplePay.a */ = {isa = PBXFileReference; explicitFileType = archive.ar; includeInIndex = 0; path = libOptimalApplePay.a; sourceTree = BUILT_PRODUCTS_DIR; };
		B6D302F61A933CC400A175D0 /* Info.plist */ = {isa = PBXFileReference; lastKnownFileType = text.plist.xml; path = Info.plist; sourceTree = "<group>"; };
		B6D302FF1A933CD300A175D0 /* UIKit.framework */ = {isa = PBXFileReference; lastKnownFileType = wrapper.framework; name = UIKit.framework; path = System/Library/Frameworks/UIKit.framework; sourceTree = SDKROOT; };
		B6D303011A933CDA00A175D0 /* Foundation.framework */ = {isa = PBXFileReference; lastKnownFileType = wrapper.framework; name = Foundation.framework; path = System/Library/Frameworks/Foundation.framework; sourceTree = SDKROOT; };
		B6D303051A933D3B00A175D0 /* OPAYPaymentAuthorizationProcess.h */ = {isa = PBXFileReference; fileEncoding = 4; lastKnownFileType = sourcecode.c.h; path = OPAYPaymentAuthorizationProcess.h; sourceTree = "<group>"; };
		B6D303061A933D3B00A175D0 /* OPAYPaymentAuthorizationProcess.m */ = {isa = PBXFileReference; fileEncoding = 4; lastKnownFileType = sourcecode.c.objc; path = OPAYPaymentAuthorizationProcess.m; sourceTree = "<group>"; };
		B6D3030D1A933DD800A175D0 /* OPAYDef.h */ = {isa = PBXFileReference; fileEncoding = 4; lastKnownFileType = sourcecode.c.h; path = OPAYDef.h; sourceTree = "<group>"; };
		B6D3030E1A933DD800A175D0 /* OPAYDef.m */ = {isa = PBXFileReference; fileEncoding = 4; lastKnownFileType = sourcecode.c.objc; path = OPAYDef.m; sourceTree = "<group>"; };
		B6D3030F1A933DD800A175D0 /* OPAYApplePayPaymentTokenInfo.h */ = {isa = PBXFileReference; fileEncoding = 4; lastKnownFileType = sourcecode.c.h; path = OPAYApplePayPaymentTokenInfo.h; sourceTree = "<group>"; };
		B6D303101A933DD800A175D0 /* OPAYApplePayPaymentTokenInfo.m */ = {isa = PBXFileReference; fileEncoding = 4; lastKnownFileType = sourcecode.c.objc; path = OPAYApplePayPaymentTokenInfo.m; sourceTree = "<group>"; };
		B6D303111A933DD800A175D0 /* OPAYPayment.h */ = {isa = PBXFileReference; fileEncoding = 4; lastKnownFileType = sourcecode.c.h; path = OPAYPayment.h; sourceTree = "<group>"; };
		B6D303121A933DD800A175D0 /* OPAYPayment.m */ = {isa = PBXFileReference; fileEncoding = 4; lastKnownFileType = sourcecode.c.objc; path = OPAYPayment.m; sourceTree = "<group>"; };
		B6D303151A933DD800A175D0 /* OPAYRequestApplePaySingleUseTokens.h */ = {isa = PBXFileReference; fileEncoding = 4; lastKnownFileType = sourcecode.c.h; path = OPAYRequestApplePaySingleUseTokens.h; sourceTree = "<group>"; };
		B6D303161A933DD800A175D0 /* OPAYRequestApplePaySingleUseTokens.m */ = {isa = PBXFileReference; fileEncoding = 4; lastKnownFileType = sourcecode.c.objc; path = OPAYRequestApplePaySingleUseTokens.m; sourceTree = "<group>"; };
		B6F23E881AB9924E00692020 /* OPAYMockShippingManager.h */ = {isa = PBXFileReference; fileEncoding = 4; lastKnownFileType = sourcecode.c.h; path = OPAYMockShippingManager.h; sourceTree = "<group>"; };
		B6F23E891AB9924E00692020 /* OPAYMockShippingManager.m */ = {isa = PBXFileReference; fileEncoding = 4; lastKnownFileType = sourcecode.c.objc; path = OPAYMockShippingManager.m; sourceTree = "<group>"; };
		B6F23E8A1AB9924E00692020 /* OPAYMockAddressStore.h */ = {isa = PBXFileReference; fileEncoding = 4; lastKnownFileType = sourcecode.c.h; path = OPAYMockAddressStore.h; sourceTree = "<group>"; };
		B6F23E8B1AB9924E00692020 /* OPAYMockAddressStore.m */ = {isa = PBXFileReference; fileEncoding = 4; lastKnownFileType = sourcecode.c.objc; path = OPAYMockAddressStore.m; sourceTree = "<group>"; };
		B6F23E8C1AB9924E00692020 /* OPAYMockApplePayDef.h */ = {isa = PBXFileReference; fileEncoding = 4; lastKnownFileType = sourcecode.c.h; path = OPAYMockApplePayDef.h; sourceTree = "<group>"; };
		B6F23E8D1AB9924E00692020 /* OPAYMockApplePayDef.m */ = {isa = PBXFileReference; fileEncoding = 4; lastKnownFileType = sourcecode.c.objc; path = OPAYMockApplePayDef.m; sourceTree = "<group>"; };
		B6F23E8E1AB9924E00692020 /* OPAYMockCardStore.h */ = {isa = PBXFileReference; fileEncoding = 4; lastKnownFileType = sourcecode.c.h; path = OPAYMockCardStore.h; sourceTree = "<group>"; };
		B6F23E8F1AB9924E00692020 /* OPAYMockCardStore.m */ = {isa = PBXFileReference; fileEncoding = 4; lastKnownFileType = sourcecode.c.objc; path = OPAYMockCardStore.m; sourceTree = "<group>"; };
		B6F23E901AB9924E00692020 /* OPAYMockDataStore.h */ = {isa = PBXFileReference; fileEncoding = 4; lastKnownFileType = sourcecode.c.h; path = OPAYMockDataStore.h; sourceTree = "<group>"; };
		B6F23E911AB9924E00692020 /* OPAYMockDataTableViewController.h */ = {isa = PBXFileReference; fileEncoding = 4; lastKnownFileType = sourcecode.c.h; path = OPAYMockDataTableViewController.h; sourceTree = "<group>"; };
		B6F23E921AB9924E00692020 /* OPAYMockDataTableViewController.m */ = {isa = PBXFileReference; fileEncoding = 4; lastKnownFileType = sourcecode.c.objc; path = OPAYMockDataTableViewController.m; sourceTree = "<group>"; };
		B6F23E931AB9924E00692020 /* OPAYMockPayment.h */ = {isa = PBXFileReference; fileEncoding = 4; lastKnownFileType = sourcecode.c.h; path = OPAYMockPayment.h; sourceTree = "<group>"; };
		B6F23E941AB9924E00692020 /* OPAYMockPayment.m */ = {isa = PBXFileReference; fileEncoding = 4; lastKnownFileType = sourcecode.c.objc; path = OPAYMockPayment.m; sourceTree = "<group>"; };
		B6F23E951AB9924E00692020 /* OPAYMockPaymentAuthorizationProcess.h */ = {isa = PBXFileReference; fileEncoding = 4; lastKnownFileType = sourcecode.c.h; path = OPAYMockPaymentAuthorizationProcess.h; sourceTree = "<group>"; };
		B6F23E961AB9924E00692020 /* OPAYMockPaymentAuthorizationProcess.m */ = {isa = PBXFileReference; fileEncoding = 4; lastKnownFileType = sourcecode.c.objc; path = OPAYMockPaymentAuthorizationProcess.m; sourceTree = "<group>"; };
		B6F23E971AB9924E00692020 /* OPAYMockPaymentSummaryViewController.h */ = {isa = PBXFileReference; fileEncoding = 4; lastKnownFileType = sourcecode.c.h; path = OPAYMockPaymentSummaryViewController.h; sourceTree = "<group>"; };
		B6F23E981AB9924E00692020 /* OPAYMockPaymentSummaryViewController.m */ = {isa = PBXFileReference; fileEncoding = 4; lastKnownFileType = sourcecode.c.objc; path = OPAYMockPaymentSummaryViewController.m; sourceTree = "<group>"; };
		B6F23E991AB9924E00692020 /* OPAYMockPaymentSummaryViewController.xib */ = {isa = PBXFileReference; fileEncoding = 4; lastKnownFileType = file.xib; path = OPAYMockPaymentSummaryViewController.xib; sourceTree = "<group>"; };
		B6F23E9A1AB9924E00692020 /* OPAYMockShippingMethodStore.h */ = {isa = PBXFileReference; fileEncoding = 4; lastKnownFileType = sourcecode.c.h; path = OPAYMockShippingMethodStore.h; sourceTree = "<group>"; };
		B6F23E9B1AB9924E00692020 /* OPAYMockShippingMethodStore.m */ = {isa = PBXFileReference; fileEncoding = 4; lastKnownFileType = sourcecode.c.objc; path = OPAYMockShippingMethodStore.m; sourceTree = "<group>"; };
		B6F23E9C1AB9924E00692020 /* PKPayment+OPAYMockKeys.h */ = {isa = PBXFileReference; fileEncoding = 4; lastKnownFileType = sourcecode.c.h; path = "PKPayment+OPAYMockKeys.h"; sourceTree = "<group>"; };
		B6F23E9D1AB9924E00692020 /* PKPayment+OPAYMockKeys.m */ = {isa = PBXFileReference; fileEncoding = 4; lastKnownFileType = sourcecode.c.objc; path = "PKPayment+OPAYMockKeys.m"; sourceTree = "<group>"; };
/* End PBXFileReference section */

/* Begin PBXFrameworksBuildPhase section */
		B6D302E21A933CC400A175D0 /* Frameworks */ = {
			isa = PBXFrameworksBuildPhase;
			buildActionMask = 2147483647;
			files = (
				B6D303021A933CDA00A175D0 /* Foundation.framework in Frameworks */,
				B6D303001A933CD300A175D0 /* UIKit.framework in Frameworks */,
			);
			runOnlyForDeploymentPostprocessing = 0;
		};
/* End PBXFrameworksBuildPhase section */

/* Begin PBXGroup section */
		B6D302DC1A933CC400A175D0 = {
			isa = PBXGroup;
			children = (
				B6D303011A933CDA00A175D0 /* Foundation.framework */,
				B6D302FF1A933CD300A175D0 /* UIKit.framework */,
				B6D302E71A933CC400A175D0 /* OptimalApplePay */,
				B6D302F41A933CC400A175D0 /* OptimalApplePayTests */,
				B6D302E61A933CC400A175D0 /* Products */,
			);
			sourceTree = "<group>";
		};
		B6D302E61A933CC400A175D0 /* Products */ = {
			isa = PBXGroup;
			children = (
				B6D302E51A933CC400A175D0 /* libOptimalApplePay.a */,
			);
			name = Products;
			sourceTree = "<group>";
		};
		B6D302E71A933CC400A175D0 /* OptimalApplePay */ = {
			isa = PBXGroup;
			children = (
				B6F23E851AB9924E00692020 /* MockPassKItLib */,
				B6D303041A933D0800A175D0 /* PaymentKit */,
			);
			path = OptimalApplePay;
			sourceTree = "<group>";
		};
		B6D302F41A933CC400A175D0 /* OptimalApplePayTests */ = {
			isa = PBXGroup;
			children = (
				B6D302F51A933CC400A175D0 /* Supporting Files */,
			);
			path = OptimalApplePayTests;
			sourceTree = "<group>";
		};
		B6D302F51A933CC400A175D0 /* Supporting Files */ = {
			isa = PBXGroup;
			children = (
				B6D302F61A933CC400A175D0 /* Info.plist */,
			);
			name = "Supporting Files";
			sourceTree = "<group>";
		};
		B6D303041A933D0800A175D0 /* PaymentKit */ = {
			isa = PBXGroup;
			children = (
				B6D3030D1A933DD800A175D0 /* OPAYDef.h */,
				B6D3030E1A933DD800A175D0 /* OPAYDef.m */,
				B6D3030F1A933DD800A175D0 /* OPAYApplePayPaymentTokenInfo.h */,
				B6D303101A933DD800A175D0 /* OPAYApplePayPaymentTokenInfo.m */,
				B6D303111A933DD800A175D0 /* OPAYPayment.h */,
				B6D303121A933DD800A175D0 /* OPAYPayment.m */,
				B6D303151A933DD800A175D0 /* OPAYRequestApplePaySingleUseTokens.h */,
				B6D303161A933DD800A175D0 /* OPAYRequestApplePaySingleUseTokens.m */,
				B6D303051A933D3B00A175D0 /* OPAYPaymentAuthorizationProcess.h */,
				B6D303061A933D3B00A175D0 /* OPAYPaymentAuthorizationProcess.m */,
				5304B1DB1ABADCB0000027C6 /* OPAYConstants.h */,
				5304B1DC1ABADCB0000027C6 /* OPAYConstants.m */,
			);
			path = PaymentKit;
			sourceTree = "<group>";
		};
		B6F23E851AB9924E00692020 /* MockPassKItLib */ = {
			isa = PBXGroup;
			children = (
				B6F23E881AB9924E00692020 /* OPAYMockShippingManager.h */,
				B6F23E891AB9924E00692020 /* OPAYMockShippingManager.m */,
				B6F23E8A1AB9924E00692020 /* OPAYMockAddressStore.h */,
				B6F23E8B1AB9924E00692020 /* OPAYMockAddressStore.m */,
				B6F23E8C1AB9924E00692020 /* OPAYMockApplePayDef.h */,
				B6F23E8D1AB9924E00692020 /* OPAYMockApplePayDef.m */,
				B6F23E8E1AB9924E00692020 /* OPAYMockCardStore.h */,
				B6F23E8F1AB9924E00692020 /* OPAYMockCardStore.m */,
				B6F23E901AB9924E00692020 /* OPAYMockDataStore.h */,
				B6F23E911AB9924E00692020 /* OPAYMockDataTableViewController.h */,
				B6F23E921AB9924E00692020 /* OPAYMockDataTableViewController.m */,
				B6F23E931AB9924E00692020 /* OPAYMockPayment.h */,
				B6F23E941AB9924E00692020 /* OPAYMockPayment.m */,
				B6F23E951AB9924E00692020 /* OPAYMockPaymentAuthorizationProcess.h */,
				B6F23E961AB9924E00692020 /* OPAYMockPaymentAuthorizationProcess.m */,
				B6F23E971AB9924E00692020 /* OPAYMockPaymentSummaryViewController.h */,
				B6F23E981AB9924E00692020 /* OPAYMockPaymentSummaryViewController.m */,
				B6F23E991AB9924E00692020 /* OPAYMockPaymentSummaryViewController.xib */,
				B6F23E9A1AB9924E00692020 /* OPAYMockShippingMethodStore.h */,
				B6F23E9B1AB9924E00692020 /* OPAYMockShippingMethodStore.m */,
				B6F23E9C1AB9924E00692020 /* PKPayment+OPAYMockKeys.h */,
				B6F23E9D1AB9924E00692020 /* PKPayment+OPAYMockKeys.m */,
			);
			path = MockPassKItLib;
			sourceTree = "<group>";
		};
/* End PBXGroup section */

/* Begin PBXHeadersBuildPhase section */
		B6D303031A933CE600A175D0 /* Headers */ = {
			isa = PBXHeadersBuildPhase;
			buildActionMask = 2147483647;
			files = (
				B6D303071A933D3B00A175D0 /* OPAYPaymentAuthorizationProcess.h in Headers */,
				B6A7A55D1ABAD16A0016755F /* OPAYMockPaymentSummaryViewController.xib in Headers */,
				5304B1DD1ABADCB0000027C6 /* OPAYConstants.h in Headers */,
				B6F23EA21AB9924E00692020 /* OPAYMockAddressStore.h in Headers */,
				B6F23EA81AB9924E00692020 /* OPAYMockDataStore.h in Headers */,
				B6F23EAD1AB9924E00692020 /* OPAYMockPaymentAuthorizationProcess.h in Headers */,
				B6D3031D1A933DD800A175D0 /* OPAYPayment.h in Headers */,
				B6F23EB11AB9924E00692020 /* OPAYMockShippingMethodStore.h in Headers */,
				B6F23EB31AB9924E00692020 /* PKPayment+OPAYMockKeys.h in Headers */,
				B6F23EA01AB9924E00692020 /* OPAYMockShippingManager.h in Headers */,
				B6F23EA61AB9924E00692020 /* OPAYMockCardStore.h in Headers */,
				B6D303191A933DD800A175D0 /* OPAYDef.h in Headers */,
				B6F23EA91AB9924E00692020 /* OPAYMockDataTableViewController.h in Headers */,
				B6F23EAB1AB9924E00692020 /* OPAYMockPayment.h in Headers */,
				B6D3031B1A933DD800A175D0 /* OPAYApplePayPaymentTokenInfo.h in Headers */,
				B6D303211A933DD800A175D0 /* OPAYRequestApplePaySingleUseTokens.h in Headers */,
				B6F23EA41AB9924E00692020 /* OPAYMockApplePayDef.h in Headers */,
				B6F23EAF1AB9924E00692020 /* OPAYMockPaymentSummaryViewController.h in Headers */,
			);
			runOnlyForDeploymentPostprocessing = 0;
		};
/* End PBXHeadersBuildPhase section */

/* Begin PBXNativeTarget section */
		B6D302E41A933CC400A175D0 /* OptimalApplePay */ = {
			isa = PBXNativeTarget;
			buildConfigurationList = B6D302F91A933CC400A175D0 /* Build configuration list for PBXNativeTarget "OptimalApplePay" */;
			buildPhases = (
				B6D302E11A933CC400A175D0 /* Sources */,
				B6D302E21A933CC400A175D0 /* Frameworks */,
				B6D302E31A933CC400A175D0 /* CopyFiles */,
				B6D303031A933CE600A175D0 /* Headers */,
				B6D303661A933F8200A175D0 /* Build Framework */,
			);
			buildRules = (
			);
			dependencies = (
			);
			name = OptimalApplePay;
			productName = OptimalApplePay;
			productReference = B6D302E51A933CC400A175D0 /* libOptimalApplePay.a */;
			productType = "com.apple.product-type.library.static";
		};
/* End PBXNativeTarget section */

/* Begin PBXProject section */
		B6D302DD1A933CC400A175D0 /* Project object */ = {
			isa = PBXProject;
			attributes = {
				LastUpgradeCheck = 0610;
				ORGANIZATIONNAME = Optimalpayments;
				TargetAttributes = {
					B6D302E41A933CC400A175D0 = {
						CreatedOnToolsVersion = 6.1.1;
					};
					B6D303671A93400500A175D0 = {
						CreatedOnToolsVersion = 6.1.1;
					};
				};
			};
			buildConfigurationList = B6D302E01A933CC400A175D0 /* Build configuration list for PBXProject "OptimalApplePay" */;
			compatibilityVersion = "Xcode 3.2";
			developmentRegion = English;
			hasScannedForEncodings = 0;
			knownRegions = (
				en,
			);
			mainGroup = B6D302DC1A933CC400A175D0;
			productRefGroup = B6D302E61A933CC400A175D0 /* Products */;
			projectDirPath = "";
			projectRoot = "";
			targets = (
				B6D302E41A933CC400A175D0 /* OptimalApplePay */,
				B6D303671A93400500A175D0 /* Framework */,
			);
		};
/* End PBXProject section */

/* Begin PBXShellScriptBuildPhase section */
		B6D303661A933F8200A175D0 /* Build Framework */ = {
			isa = PBXShellScriptBuildPhase;
			buildActionMask = 2147483647;
			files = (
			);
			inputPaths = (
			);
			name = "Build Framework";
			outputPaths = (
			);
			runOnlyForDeploymentPostprocessing = 0;
			shellPath = /bin/sh;
			shellScript = "set -e\n\nexport FRAMEWORK_LOCN=\"${BUILT_PRODUCTS_DIR}/${PRODUCT_NAME}.framework\"\n\n# Create the path to the real Headers die\nmkdir -p \"${FRAMEWORK_LOCN}/Versions/A/Headers\"\n\n# Create the required symlinks\n/bin/ln -sfh A \"${FRAMEWORK_LOCN}/Versions/Current\"\n/bin/ln -sfh Versions/Current/Headers \"${FRAMEWORK_LOCN}/Headers\"\n/bin/ln -sfh \"Versions/Current/${PRODUCT_NAME}\" \\\n\"${FRAMEWORK_LOCN}/${PRODUCT_NAME}\"\n\n# Copy the public headers into the framework\n/bin/cp -a \"${TARGET_BUILD_DIR}/${PUBLIC_HEADERS_FOLDER_PATH}/\" \\\n\"${FRAMEWORK_LOCN}/Versions/A/Headers\"\n";
		};
		B6D3036D1A93406100A175D0 /* MultiPlatform Build */ = {
			isa = PBXShellScriptBuildPhase;
			buildActionMask = 2147483647;
			files = (
			);
			inputPaths = (
			);
			name = "MultiPlatform Build";
			outputPaths = (
			);
			runOnlyForDeploymentPostprocessing = 0;
			shellPath = /bin/sh;
			shellScript = "set -e\n\n# If we're already inside this script then die\nif [ -n \"$RW_MULTIPLATFORM_BUILD_IN_PROGRESS\" ]; then\nexit 0\nfi\nexport RW_MULTIPLATFORM_BUILD_IN_PROGRESS=1\n\nRW_FRAMEWORK_NAME=${PROJECT_NAME}\nRW_INPUT_STATIC_LIB=\"lib${PROJECT_NAME}.a\"\nRW_FRAMEWORK_LOCATION=\"${BUILT_PRODUCTS_DIR}/${RW_FRAMEWORK_NAME}.framework\"\n\nfunction build_static_library {\n    # Will rebuild the static library as specified\n    #     build_static_library sdk\n    xcrun xcodebuild -project \"${PROJECT_FILE_PATH}\" \\\n    -target \"${TARGET_NAME}\" \\\n    -configuration \"${CONFIGURATION}\" \\\n    -sdk \"${1}\" \\\n    ONLY_ACTIVE_ARCH=NO \\\n    BUILD_DIR=\"${BUILD_DIR}\" \\\n    OBJROOT=\"${OBJROOT}\" \\\n    BUILD_ROOT=\"${BUILD_ROOT}\" \\\n    SYMROOT=\"${SYMROOT}\" $ACTION\n}\n\nfunction make_fat_library {\n    # Will smash 2 static libs together\n    #     make_fat_library in1 in2 out\n    xcrun lipo -create \"${1}\" \"${2}\" -output \"${3}\"\n}\n\n# 1 - Extract the platform (iphoneos/iphonesimulator) from the SDK name\nif [[ \"$SDK_NAME\" =~ ([A-Za-z]+) ]]; then\nRW_SDK_PLATFORM=${BASH_REMATCH[1]}\nelse\necho \"Could not find platform name from SDK_NAME: $SDK_NAME\"\nexit 1\nfi\n\n# 2 - Extract the version from the SDK\nif [[ \"$SDK_NAME\" =~ ([0-9]+.*$) ]]; then\nRW_SDK_VERSION=${BASH_REMATCH[1]}\nelse\necho \"Could not find sdk version from SDK_NAME: $SDK_NAME\"\nexit 1\nfi\n\n# 3 - Determine the other platform\nif [ \"$RW_SDK_PLATFORM\" == \"iphoneos\" ]; then\nRW_OTHER_PLATFORM=iphonesimulator\nelse\nRW_OTHER_PLATFORM=iphoneos\nfi\n\n# 4 - Find the build directory\nif [[ \"$BUILT_PRODUCTS_DIR\" =~ (.*)$RW_SDK_PLATFORM$ ]]; then\nRW_OTHER_BUILT_PRODUCTS_DIR=\"${BASH_REMATCH[1]}${RW_OTHER_PLATFORM}\"\nelse\necho \"Could not find other platform build directory.\"\nexit 1\nfi\n\n# Build the other platform.\nbuild_static_library \"${RW_OTHER_PLATFORM}${RW_SDK_VERSION}\"\n\n# If we're currently building for iphonesimulator, then need to rebuild\n#   to ensure that we get both i386 and x86_64\nif [ \"$RW_SDK_PLATFORM\" == \"iphonesimulator\" ]; then\nbuild_static_library \"${SDK_NAME}\"\nfi\n\n# Join the 2 static libs into 1 and push into the .framework\nmake_fat_library \"${BUILT_PRODUCTS_DIR}/${RW_INPUT_STATIC_LIB}\" \\\n\"${RW_OTHER_BUILT_PRODUCTS_DIR}/${RW_INPUT_STATIC_LIB}\" \\\n\"${RW_FRAMEWORK_LOCATION}/Versions/A/${RW_FRAMEWORK_NAME}\"\n\n# Ensure that the framework is present in both platform's build directories\ncp -a \"${RW_FRAMEWORK_LOCATION}/Versions/A/${RW_FRAMEWORK_NAME}\" \\\n\"${RW_OTHER_BUILT_PRODUCTS_DIR}/${RW_FRAMEWORK_NAME}.framework/Versions/A/${RW_FRAMEWORK_NAME}\"\n\n# Copy the framework to the user's desktop\nditto \"${RW_FRAMEWORK_LOCATION}\" \"${HOME}/Desktop/${RW_FRAMEWORK_NAME}.framework\"\n\n";
		};
/* End PBXShellScriptBuildPhase section */

/* Begin PBXSourcesBuildPhase section */
		B6D302E11A933CC400A175D0 /* Sources */ = {
			isa = PBXSourcesBuildPhase;
			buildActionMask = 2147483647;
			files = (
				B6D3031E1A933DD800A175D0 /* OPAYPayment.m in Sources */,
				B6D303081A933D3B00A175D0 /* OPAYPaymentAuthorizationProcess.m in Sources */,
				B6D3031A1A933DD800A175D0 /* OPAYDef.m in Sources */,
				B6F23EAA1AB9924E00692020 /* OPAYMockDataTableViewController.m in Sources */,
				5304B1DE1ABADCB0000027C6 /* OPAYConstants.m in Sources */,
				B6F23EAC1AB9924E00692020 /* OPAYMockPayment.m in Sources */,
				B6F23EB41AB9924E00692020 /* PKPayment+OPAYMockKeys.m in Sources */,
				B6F23EAE1AB9924E00692020 /* OPAYMockPaymentAuthorizationProcess.m in Sources */,
				B6D3031C1A933DD800A175D0 /* OPAYApplePayPaymentTokenInfo.m in Sources */,
				B6F23EB01AB9924E00692020 /* OPAYMockPaymentSummaryViewController.m in Sources */,
				B6D303221A933DD800A175D0 /* OPAYRequestApplePaySingleUseTokens.m in Sources */,
				B6F23EB21AB9924E00692020 /* OPAYMockShippingMethodStore.m in Sources */,
				B6F23EA51AB9924E00692020 /* OPAYMockApplePayDef.m in Sources */,
				B6F23EA31AB9924E00692020 /* OPAYMockAddressStore.m in Sources */,
				B6F23EA11AB9924E00692020 /* OPAYMockShippingManager.m in Sources */,
				B6F23EA71AB9924E00692020 /* OPAYMockCardStore.m in Sources */,
			);
			runOnlyForDeploymentPostprocessing = 0;
		};
/* End PBXSourcesBuildPhase section */

/* Begin PBXTargetDependency section */
		B6D3036C1A93404C00A175D0 /* PBXTargetDependency */ = {
			isa = PBXTargetDependency;
			target = B6D302E41A933CC400A175D0 /* OptimalApplePay */;
			targetProxy = B6D3036B1A93404C00A175D0 /* PBXContainerItemProxy */;
		};
/* End PBXTargetDependency section */

/* Begin XCBuildConfiguration section */
		B6D302F71A933CC400A175D0 /* Debug */ = {
			isa = XCBuildConfiguration;
			buildSettings = {
				ALWAYS_SEARCH_USER_PATHS = NO;
				CLANG_CXX_LANGUAGE_STANDARD = "gnu++0x";
				CLANG_CXX_LIBRARY = "libc++";
				CLANG_ENABLE_MODULES = YES;
				CLANG_ENABLE_OBJC_ARC = YES;
				CLANG_WARN_BOOL_CONVERSION = YES;
				CLANG_WARN_CONSTANT_CONVERSION = YES;
				CLANG_WARN_DIRECT_OBJC_ISA_USAGE = YES_ERROR;
				CLANG_WARN_EMPTY_BODY = YES;
				CLANG_WARN_ENUM_CONVERSION = YES;
				CLANG_WARN_INT_CONVERSION = YES;
				CLANG_WARN_OBJC_ROOT_CLASS = YES_ERROR;
				CLANG_WARN_UNREACHABLE_CODE = YES;
				CLANG_WARN__DUPLICATE_METHOD_MATCH = YES;
				COPY_PHASE_STRIP = NO;
				CURRENT_PROJECT_VERSION = 1.1;
				ENABLE_STRICT_OBJC_MSGSEND = YES;
				GCC_C_LANGUAGE_STANDARD = gnu99;
				GCC_DYNAMIC_NO_PIC = NO;
				GCC_OPTIMIZATION_LEVEL = 0;
				GCC_PREPROCESSOR_DEFINITIONS = (
					"DEBUG=1",
					"$(inherited)",
				);
				GCC_SYMBOLS_PRIVATE_EXTERN = NO;
				GCC_WARN_64_TO_32_BIT_CONVERSION = YES;
				GCC_WARN_ABOUT_RETURN_TYPE = YES_ERROR;
				GCC_WARN_UNDECLARED_SELECTOR = YES;
				GCC_WARN_UNINITIALIZED_AUTOS = YES_AGGRESSIVE;
				GCC_WARN_UNUSED_FUNCTION = YES;
				GCC_WARN_UNUSED_VARIABLE = YES;
				IPHONEOS_DEPLOYMENT_TARGET = 8.1;
				MTL_ENABLE_DEBUG_INFO = YES;
				ONLY_ACTIVE_ARCH = YES;
				SDKROOT = iphoneos;
				VERSIONING_SYSTEM = "apple-generic";
			};
			name = Debug;
		};
		B6D302F81A933CC400A175D0 /* Release */ = {
			isa = XCBuildConfiguration;
			buildSettings = {
				ALWAYS_SEARCH_USER_PATHS = NO;
				CLANG_CXX_LANGUAGE_STANDARD = "gnu++0x";
				CLANG_CXX_LIBRARY = "libc++";
				CLANG_ENABLE_MODULES = YES;
				CLANG_ENABLE_OBJC_ARC = YES;
				CLANG_WARN_BOOL_CONVERSION = YES;
				CLANG_WARN_CONSTANT_CONVERSION = YES;
				CLANG_WARN_DIRECT_OBJC_ISA_USAGE = YES_ERROR;
				CLANG_WARN_EMPTY_BODY = YES;
				CLANG_WARN_ENUM_CONVERSION = YES;
				CLANG_WARN_INT_CONVERSION = YES;
				CLANG_WARN_OBJC_ROOT_CLASS = YES_ERROR;
				CLANG_WARN_UNREACHABLE_CODE = YES;
				CLANG_WARN__DUPLICATE_METHOD_MATCH = YES;
				COPY_PHASE_STRIP = YES;
				CURRENT_PROJECT_VERSION = 1.1;
				ENABLE_NS_ASSERTIONS = NO;
				ENABLE_STRICT_OBJC_MSGSEND = YES;
				GCC_C_LANGUAGE_STANDARD = gnu99;
				GCC_WARN_64_TO_32_BIT_CONVERSION = YES;
				GCC_WARN_ABOUT_RETURN_TYPE = YES_ERROR;
				GCC_WARN_UNDECLARED_SELECTOR = YES;
				GCC_WARN_UNINITIALIZED_AUTOS = YES_AGGRESSIVE;
				GCC_WARN_UNUSED_FUNCTION = YES;
				GCC_WARN_UNUSED_VARIABLE = YES;
				IPHONEOS_DEPLOYMENT_TARGET = 8.1;
				MTL_ENABLE_DEBUG_INFO = NO;
				SDKROOT = iphoneos;
				VALIDATE_PRODUCT = YES;
				VERSIONING_SYSTEM = "apple-generic";
			};
			name = Release;
		};
		B6D302FA1A933CC400A175D0 /* Debug */ = {
			isa = XCBuildConfiguration;
			buildSettings = {
				DEAD_CODE_STRIPPING = NO;
				FRAMEWORK_SEARCH_PATHS = (
					"$(inherited)",
					"$(PROJECT_DIR)",
				);
				OTHER_LDFLAGS = "-ObjC";
				PRODUCT_NAME = "$(TARGET_NAME)";
				PUBLIC_HEADERS_FOLDER_PATH = "include/$(PROJECT_NAME)";
				SKIP_INSTALL = YES;
				STRIP_STYLE = "non-global";
			};
			name = Debug;
		};
		B6D302FB1A933CC400A175D0 /* Release */ = {
			isa = XCBuildConfiguration;
			buildSettings = {
				COPY_PHASE_STRIP = NO;
				DEAD_CODE_STRIPPING = NO;
				FRAMEWORK_SEARCH_PATHS = (
					"$(inherited)",
					"$(PROJECT_DIR)",
				);
				OTHER_LDFLAGS = "-ObjC";
				PRODUCT_NAME = "$(TARGET_NAME)";
				PUBLIC_HEADERS_FOLDER_PATH = "include/$(PROJECT_NAME)";
				SKIP_INSTALL = YES;
				STRIP_STYLE = "non-global";
			};
			name = Release;
		};
		B6D303691A93400500A175D0 /* Debug */ = {
			isa = XCBuildConfiguration;
			buildSettings = {
				PRODUCT_NAME = "$(TARGET_NAME)";
			};
			name = Debug;
		};
		B6D3036A1A93400500A175D0 /* Release */ = {
			isa = XCBuildConfiguration;
			buildSettings = {
				PRODUCT_NAME = "$(TARGET_NAME)";
			};
			name = Release;
		};
/* End XCBuildConfiguration section */

/* Begin XCConfigurationList section */
		B6D302E01A933CC400A175D0 /* Build configuration list for PBXProject "OptimalApplePay" */ = {
			isa = XCConfigurationList;
			buildConfigurations = (
				B6D302F71A933CC400A175D0 /* Debug */,
				B6D302F81A933CC400A175D0 /* Release */,
			);
			defaultConfigurationIsVisible = 0;
			defaultConfigurationName = Release;
		};
		B6D302F91A933CC400A175D0 /* Build configuration list for PBXNativeTarget "OptimalApplePay" */ = {
			isa = XCConfigurationList;
			buildConfigurations = (
				B6D302FA1A933CC400A175D0 /* Debug */,
				B6D302FB1A933CC400A175D0 /* Release */,
			);
			defaultConfigurationIsVisible = 0;
			defaultConfigurationName = Release;
		};
		B6D303681A93400500A175D0 /* Build configuration list for PBXAggregateTarget "Framework" */ = {
			isa = XCConfigurationList;
			buildConfigurations = (
				B6D303691A93400500A175D0 /* Debug */,
				B6D3036A1A93400500A175D0 /* Release */,
			);
			defaultConfigurationIsVisible = 0;
			defaultConfigurationName = Release;
		};
/* End XCConfigurationList section */
	};
	rootObject = B6D302DD1A933CC400A175D0 /* Project object */;
}
