// !$*UTF8*$!
{
	archiveVersion = 1;
	classes = {
	};
	objectVersion = 46;
	objects = {

/* Begin PBXBuildFile section */
		5326AB971ACE805B00E90FF7 /* OptimalApplePay.framework in Frameworks */ = {isa = PBXBuildFile; fileRef = 5326AB961ACE805B00E90FF7 /* OptimalApplePay.framework */; };
		5326AB991ACE806800E90FF7 /* OPAYMockPaymentSummaryViewController.xib in Resources */ = {isa = PBXBuildFile; fileRef = 5326AB981ACE806800E90FF7 /* OPAYMockPaymentSummaryViewController.xib */; };
		53600F221A89378500D3B3A2 /* payNow_img.png in Resources */ = {isa = PBXBuildFile; fileRef = 53600F211A89378500D3B3A2 /* payNow_img.png */; };
		53600F301A8A3C0E00D3B3A2 /* HomeViewController.m in Sources */ = {isa = PBXBuildFile; fileRef = 53600F2F1A8A3C0E00D3B3A2 /* HomeViewController.m */; };
		5377081A1AA03D7A00941253 /* OPTAuthorizationProcess.m in Sources */ = {isa = PBXBuildFile; fileRef = 537708191AA03D7A00941253 /* OPTAuthorizationProcess.m */; };
		53A8BBDF1A8889EF003D9D54 /* main.m in Sources */ = {isa = PBXBuildFile; fileRef = 53A8BBDE1A8889EF003D9D54 /* main.m */; };
		53A8BBE21A8889EF003D9D54 /* AppDelegate.m in Sources */ = {isa = PBXBuildFile; fileRef = 53A8BBE11A8889EF003D9D54 /* AppDelegate.m */; };
		53A8BBE51A8889EF003D9D54 /* ViewController.m in Sources */ = {isa = PBXBuildFile; fileRef = 53A8BBE41A8889EF003D9D54 /* ViewController.m */; };
		53A8BBE81A8889EF003D9D54 /* Main.storyboard in Resources */ = {isa = PBXBuildFile; fileRef = 53A8BBE61A8889EF003D9D54 /* Main.storyboard */; };
		53A8BBEA1A8889EF003D9D54 /* Images.xcassets in Resources */ = {isa = PBXBuildFile; fileRef = 53A8BBE91A8889EF003D9D54 /* Images.xcassets */; };
		53A8BBED1A8889EF003D9D54 /* LaunchScreen.xib in Resources */ = {isa = PBXBuildFile; fileRef = 53A8BBEB1A8889EF003D9D54 /* LaunchScreen.xib */; };
		53A8BBF91A8889F0003D9D54 /* TestQAMerchantApplicationTests.m in Sources */ = {isa = PBXBuildFile; fileRef = 53A8BBF81A8889F0003D9D54 /* TestQAMerchantApplicationTests.m */; };
		53A8BC031A888A88003D9D54 /* OptimalImg.png in Resources */ = {isa = PBXBuildFile; fileRef = 53A8BC021A888A88003D9D54 /* OptimalImg.png */; };
		53A8BC111A88B558003D9D54 /* ApplePayBTN_32pt__black_logo_@2x.png in Resources */ = {isa = PBXBuildFile; fileRef = 53A8BC051A88B558003D9D54 /* ApplePayBTN_32pt__black_logo_@2x.png */; };
		53A8BC121A88B558003D9D54 /* ApplePayBTN_32pt__black_logo_@3x.png in Resources */ = {isa = PBXBuildFile; fileRef = 53A8BC061A88B558003D9D54 /* ApplePayBTN_32pt__black_logo_@3x.png */; };
		53A8BC131A88B558003D9D54 /* ApplePayBTN_32pt__black_textLogo_@2x.png in Resources */ = {isa = PBXBuildFile; fileRef = 53A8BC071A88B558003D9D54 /* ApplePayBTN_32pt__black_textLogo_@2x.png */; };
		53A8BC141A88B558003D9D54 /* ApplePayBTN_32pt__black_textLogo_@3x.png in Resources */ = {isa = PBXBuildFile; fileRef = 53A8BC081A88B558003D9D54 /* ApplePayBTN_32pt__black_textLogo_@3x.png */; };
		53A8BC151A88B558003D9D54 /* ApplePayBTN_32pt__white_logo_@2x.png in Resources */ = {isa = PBXBuildFile; fileRef = 53A8BC091A88B558003D9D54 /* ApplePayBTN_32pt__white_logo_@2x.png */; };
		53A8BC161A88B558003D9D54 /* ApplePayBTN_32pt__white_logo_@3x.png in Resources */ = {isa = PBXBuildFile; fileRef = 53A8BC0A1A88B558003D9D54 /* ApplePayBTN_32pt__white_logo_@3x.png */; };
		53A8BC171A88B558003D9D54 /* ApplePayBTN_32pt__white_textLogo_@2x.png in Resources */ = {isa = PBXBuildFile; fileRef = 53A8BC0B1A88B558003D9D54 /* ApplePayBTN_32pt__white_textLogo_@2x.png */; };
		53A8BC181A88B558003D9D54 /* ApplePayBTN_32pt__white_textLogo_@3x.png in Resources */ = {isa = PBXBuildFile; fileRef = 53A8BC0C1A88B558003D9D54 /* ApplePayBTN_32pt__white_textLogo_@3x.png */; };
		53A8BC191A88B558003D9D54 /* ApplePayBTN_32pt__whiteLine_logo_@2x.png in Resources */ = {isa = PBXBuildFile; fileRef = 53A8BC0D1A88B558003D9D54 /* ApplePayBTN_32pt__whiteLine_logo_@2x.png */; };
		53A8BC1A1A88B558003D9D54 /* ApplePayBTN_32pt__whiteLine_logo_@3x.png in Resources */ = {isa = PBXBuildFile; fileRef = 53A8BC0E1A88B558003D9D54 /* ApplePayBTN_32pt__whiteLine_logo_@3x.png */; };
		53A8BC1B1A88B558003D9D54 /* ApplePayBTN_32pt__whiteLine_textLogo_@2x.png in Resources */ = {isa = PBXBuildFile; fileRef = 53A8BC0F1A88B558003D9D54 /* ApplePayBTN_32pt__whiteLine_textLogo_@2x.png */; };
		53A8BC1C1A88B558003D9D54 /* ApplePayBTN_32pt__whiteLine_textLogo_@3x.png in Resources */ = {isa = PBXBuildFile; fileRef = 53A8BC101A88B558003D9D54 /* ApplePayBTN_32pt__whiteLine_textLogo_@3x.png */; };
		53A8BC1F1A88BB44003D9D54 /* Home.png in Resources */ = {isa = PBXBuildFile; fileRef = 53A8BC1D1A88BB44003D9D54 /* Home.png */; };
		53A8BC201A88BB44003D9D54 /* Phone.png in Resources */ = {isa = PBXBuildFile; fileRef = 53A8BC1E1A88BB44003D9D54 /* Phone.png */; };
		53A8BC221A88C793003D9D54 /* BuyNow_btn.png in Resources */ = {isa = PBXBuildFile; fileRef = 53A8BC211A88C793003D9D54 /* BuyNow_btn.png */; };
		53AEB5401A8B2F2500DA5671 /* CheckoutImg.png in Resources */ = {isa = PBXBuildFile; fileRef = 53AEB53F1A8B2F2500DA5671 /* CheckoutImg.png */; };
		53AEB5421A8B31A900DA5671 /* shoe.png in Resources */ = {isa = PBXBuildFile; fileRef = 53AEB5411A8B31A900DA5671 /* shoe.png */; };
		53E6B6AF1A8CD3B600B46850 /* MerchantRealConfiguration.plist in Resources */ = {isa = PBXBuildFile; fileRef = 53E6B6AE1A8CD3B600B46850 /* MerchantRealConfiguration.plist */; };
		53E6B6B71A8E1E4D00B46850 /* BlankGreyScreen.png in Resources */ = {isa = PBXBuildFile; fileRef = 53E6B6B61A8E1E4D00B46850 /* BlankGreyScreen.png */; };
		B628BFDB1A91D5B6006DA115 /* Authorization.png in Resources */ = {isa = PBXBuildFile; fileRef = B628BFDA1A91D5B5006DA115 /* Authorization.png */; };
/* End PBXBuildFile section */

/* Begin PBXContainerItemProxy section */
		53A8BBF31A8889F0003D9D54 /* PBXContainerItemProxy */ = {
			isa = PBXContainerItemProxy;
			containerPortal = 53A8BBD11A8889EF003D9D54 /* Project object */;
			proxyType = 1;
			remoteGlobalIDString = 53A8BBD81A8889EF003D9D54;
			remoteInfo = TestQAMerchantApplication;
		};
/* End PBXContainerItemProxy section */

/* Begin PBXFileReference section */
		5326AB961ACE805B00E90FF7 /* OptimalApplePay.framework */ = {isa = PBXFileReference; lastKnownFileType = wrapper.framework; path = OptimalApplePay.framework; sourceTree = "<group>"; };
		5326AB981ACE806800E90FF7 /* OPAYMockPaymentSummaryViewController.xib */ = {isa = PBXFileReference; fileEncoding = 4; lastKnownFileType = file.xib; name = OPAYMockPaymentSummaryViewController.xib; path = OptimalApplePay.framework/Headers/OPAYMockPaymentSummaryViewController.xib; sourceTree = "<group>"; };
		53600F211A89378500D3B3A2 /* payNow_img.png */ = {isa = PBXFileReference; lastKnownFileType = image.png; path = payNow_img.png; sourceTree = "<group>"; };
		53600F2D1A8A284E00D3B3A2 /* TestQAMerchantApplication.entitlements */ = {isa = PBXFileReference; lastKnownFileType = text.xml; path = TestQAMerchantApplication.entitlements; sourceTree = "<group>"; };
		53600F2E1A8A3C0E00D3B3A2 /* HomeViewController.h */ = {isa = PBXFileReference; fileEncoding = 4; lastKnownFileType = sourcecode.c.h; path = HomeViewController.h; sourceTree = "<group>"; };
		53600F2F1A8A3C0E00D3B3A2 /* HomeViewController.m */ = {isa = PBXFileReference; fileEncoding = 4; lastKnownFileType = sourcecode.c.objc; path = HomeViewController.m; sourceTree = "<group>"; };
		537708181AA03D7900941253 /* OPTAuthorizationProcess.h */ = {isa = PBXFileReference; fileEncoding = 4; lastKnownFileType = sourcecode.c.h; path = OPTAuthorizationProcess.h; sourceTree = "<group>"; };
		537708191AA03D7A00941253 /* OPTAuthorizationProcess.m */ = {isa = PBXFileReference; fileEncoding = 4; lastKnownFileType = sourcecode.c.objc; path = OPTAuthorizationProcess.m; sourceTree = "<group>"; };
		53A8BBD91A8889EF003D9D54 /* TestQAMerchantApplication.app */ = {isa = PBXFileReference; explicitFileType = wrapper.application; includeInIndex = 0; path = TestQAMerchantApplication.app; sourceTree = BUILT_PRODUCTS_DIR; };
		53A8BBDD1A8889EF003D9D54 /* Info.plist */ = {isa = PBXFileReference; lastKnownFileType = text.plist.xml; path = Info.plist; sourceTree = "<group>"; };
		53A8BBDE1A8889EF003D9D54 /* main.m */ = {isa = PBXFileReference; lastKnownFileType = sourcecode.c.objc; path = main.m; sourceTree = "<group>"; };
		53A8BBE01A8889EF003D9D54 /* AppDelegate.h */ = {isa = PBXFileReference; lastKnownFileType = sourcecode.c.h; path = AppDelegate.h; sourceTree = "<group>"; };
		53A8BBE11A8889EF003D9D54 /* AppDelegate.m */ = {isa = PBXFileReference; lastKnownFileType = sourcecode.c.objc; path = AppDelegate.m; sourceTree = "<group>"; };
		53A8BBE31A8889EF003D9D54 /* ViewController.h */ = {isa = PBXFileReference; lastKnownFileType = sourcecode.c.h; path = ViewController.h; sourceTree = "<group>"; };
		53A8BBE41A8889EF003D9D54 /* ViewController.m */ = {isa = PBXFileReference; lastKnownFileType = sourcecode.c.objc; path = ViewController.m; sourceTree = "<group>"; };
		53A8BBE71A8889EF003D9D54 /* Base */ = {isa = PBXFileReference; lastKnownFileType = file.storyboard; name = Base; path = Base.lproj/Main.storyboard; sourceTree = "<group>"; };
		53A8BBE91A8889EF003D9D54 /* Images.xcassets */ = {isa = PBXFileReference; lastKnownFileType = folder.assetcatalog; path = Images.xcassets; sourceTree = "<group>"; };
		53A8BBEC1A8889EF003D9D54 /* Base */ = {isa = PBXFileReference; lastKnownFileType = file.xib; name = Base; path = Base.lproj/LaunchScreen.xib; sourceTree = "<group>"; };
		53A8BBF21A8889F0003D9D54 /* TestQAMerchantApplicationTests.xctest */ = {isa = PBXFileReference; explicitFileType = wrapper.cfbundle; includeInIndex = 0; path = TestQAMerchantApplicationTests.xctest; sourceTree = BUILT_PRODUCTS_DIR; };
		53A8BBF71A8889F0003D9D54 /* Info.plist */ = {isa = PBXFileReference; lastKnownFileType = text.plist.xml; path = Info.plist; sourceTree = "<group>"; };
		53A8BBF81A8889F0003D9D54 /* TestQAMerchantApplicationTests.m */ = {isa = PBXFileReference; lastKnownFileType = sourcecode.c.objc; path = TestQAMerchantApplicationTests.m; sourceTree = "<group>"; };
		53A8BC021A888A88003D9D54 /* OptimalImg.png */ = {isa = PBXFileReference; lastKnownFileType = image.png; path = OptimalImg.png; sourceTree = "<group>"; };
		53A8BC051A88B558003D9D54 /* ApplePayBTN_32pt__black_logo_@2x.png */ = {isa = PBXFileReference; lastKnownFileType = image.png; path = "ApplePayBTN_32pt__black_logo_@2x.png"; sourceTree = "<group>"; };
		53A8BC061A88B558003D9D54 /* ApplePayBTN_32pt__black_logo_@3x.png */ = {isa = PBXFileReference; lastKnownFileType = image.png; path = "ApplePayBTN_32pt__black_logo_@3x.png"; sourceTree = "<group>"; };
		53A8BC071A88B558003D9D54 /* ApplePayBTN_32pt__black_textLogo_@2x.png */ = {isa = PBXFileReference; lastKnownFileType = image.png; path = "ApplePayBTN_32pt__black_textLogo_@2x.png"; sourceTree = "<group>"; };
		53A8BC081A88B558003D9D54 /* ApplePayBTN_32pt__black_textLogo_@3x.png */ = {isa = PBXFileReference; lastKnownFileType = image.png; path = "ApplePayBTN_32pt__black_textLogo_@3x.png"; sourceTree = "<group>"; };
		53A8BC091A88B558003D9D54 /* ApplePayBTN_32pt__white_logo_@2x.png */ = {isa = PBXFileReference; lastKnownFileType = image.png; path = "ApplePayBTN_32pt__white_logo_@2x.png"; sourceTree = "<group>"; };
		53A8BC0A1A88B558003D9D54 /* ApplePayBTN_32pt__white_logo_@3x.png */ = {isa = PBXFileReference; lastKnownFileType = image.png; path = "ApplePayBTN_32pt__white_logo_@3x.png"; sourceTree = "<group>"; };
		53A8BC0B1A88B558003D9D54 /* ApplePayBTN_32pt__white_textLogo_@2x.png */ = {isa = PBXFileReference; lastKnownFileType = image.png; path = "ApplePayBTN_32pt__white_textLogo_@2x.png"; sourceTree = "<group>"; };
		53A8BC0C1A88B558003D9D54 /* ApplePayBTN_32pt__white_textLogo_@3x.png */ = {isa = PBXFileReference; lastKnownFileType = image.png; path = "ApplePayBTN_32pt__white_textLogo_@3x.png"; sourceTree = "<group>"; };
		53A8BC0D1A88B558003D9D54 /* ApplePayBTN_32pt__whiteLine_logo_@2x.png */ = {isa = PBXFileReference; lastKnownFileType = image.png; path = "ApplePayBTN_32pt__whiteLine_logo_@2x.png"; sourceTree = "<group>"; };
		53A8BC0E1A88B558003D9D54 /* ApplePayBTN_32pt__whiteLine_logo_@3x.png */ = {isa = PBXFileReference; lastKnownFileType = image.png; path = "ApplePayBTN_32pt__whiteLine_logo_@3x.png"; sourceTree = "<group>"; };
		53A8BC0F1A88B558003D9D54 /* ApplePayBTN_32pt__whiteLine_textLogo_@2x.png */ = {isa = PBXFileReference; lastKnownFileType = image.png; path = "ApplePayBTN_32pt__whiteLine_textLogo_@2x.png"; sourceTree = "<group>"; };
		53A8BC101A88B558003D9D54 /* ApplePayBTN_32pt__whiteLine_textLogo_@3x.png */ = {isa = PBXFileReference; lastKnownFileType = image.png; path = "ApplePayBTN_32pt__whiteLine_textLogo_@3x.png"; sourceTree = "<group>"; };
		53A8BC1D1A88BB44003D9D54 /* Home.png */ = {isa = PBXFileReference; lastKnownFileType = image.png; path = Home.png; sourceTree = "<group>"; };
		53A8BC1E1A88BB44003D9D54 /* Phone.png */ = {isa = PBXFileReference; lastKnownFileType = image.png; path = Phone.png; sourceTree = "<group>"; };
		53A8BC211A88C793003D9D54 /* BuyNow_btn.png */ = {isa = PBXFileReference; lastKnownFileType = image.png; path = BuyNow_btn.png; sourceTree = "<group>"; };
		53AEB53F1A8B2F2500DA5671 /* CheckoutImg.png */ = {isa = PBXFileReference; lastKnownFileType = image.png; path = CheckoutImg.png; sourceTree = "<group>"; };
		53AEB5411A8B31A900DA5671 /* shoe.png */ = {isa = PBXFileReference; lastKnownFileType = image.png; path = shoe.png; sourceTree = "<group>"; };
		53E6B6AE1A8CD3B600B46850 /* MerchantRealConfiguration.plist */ = {isa = PBXFileReference; fileEncoding = 4; lastKnownFileType = text.plist.xml; path = MerchantRealConfiguration.plist; sourceTree = "<group>"; };
		53E6B6B61A8E1E4D00B46850 /* BlankGreyScreen.png */ = {isa = PBXFileReference; lastKnownFileType = image.png; path = BlankGreyScreen.png; sourceTree = "<group>"; };
		B628BFDA1A91D5B5006DA115 /* Authorization.png */ = {isa = PBXFileReference; lastKnownFileType = image.png; path = Authorization.png; sourceTree = "<group>"; };
/* End PBXFileReference section */

/* Begin PBXFrameworksBuildPhase section */
		53A8BBD61A8889EF003D9D54 /* Frameworks */ = {
			isa = PBXFrameworksBuildPhase;
			buildActionMask = 2147483647;
			files = (
				5326AB971ACE805B00E90FF7 /* OptimalApplePay.framework in Frameworks */,
			);
			runOnlyForDeploymentPostprocessing = 0;
		};
		53A8BBEF1A8889F0003D9D54 /* Frameworks */ = {
			isa = PBXFrameworksBuildPhase;
			buildActionMask = 2147483647;
			files = (
			);
			runOnlyForDeploymentPostprocessing = 0;
		};
/* End PBXFrameworksBuildPhase section */

/* Begin PBXGroup section */
		53600F231A8A1B2A00D3B3A2 /* SDK */ = {
			isa = PBXGroup;
			children = (
				5326AB981ACE806800E90FF7 /* OPAYMockPaymentSummaryViewController.xib */,
				5326AB961ACE805B00E90FF7 /* OptimalApplePay.framework */,
				5377081B1AA03D8000941253 /* Authorization */,
			);
			name = SDK;
			sourceTree = "<group>";
		};
		5377081B1AA03D8000941253 /* Authorization */ = {
			isa = PBXGroup;
			children = (
				537708181AA03D7900941253 /* OPTAuthorizationProcess.h */,
				537708191AA03D7A00941253 /* OPTAuthorizationProcess.m */,
			);
			name = Authorization;
			sourceTree = "<group>";
		};
		53A8BBD01A8889EF003D9D54 = {
			isa = PBXGroup;
			children = (
				53A8BBDB1A8889EF003D9D54 /* TestQAMerchantApplication */,
				53A8BBF51A8889F0003D9D54 /* TestQAMerchantApplicationTests */,
				53A8BBDA1A8889EF003D9D54 /* Products */,
			);
			sourceTree = "<group>";
		};
		53A8BBDA1A8889EF003D9D54 /* Products */ = {
			isa = PBXGroup;
			children = (
				53A8BBD91A8889EF003D9D54 /* TestQAMerchantApplication.app */,
				53A8BBF21A8889F0003D9D54 /* TestQAMerchantApplicationTests.xctest */,
			);
			name = Products;
			sourceTree = "<group>";
		};
		53A8BBDB1A8889EF003D9D54 /* TestQAMerchantApplication */ = {
			isa = PBXGroup;
			children = (
				53600F2D1A8A284E00D3B3A2 /* TestQAMerchantApplication.entitlements */,
				53600F231A8A1B2A00D3B3A2 /* SDK */,
				53A8BBE01A8889EF003D9D54 /* AppDelegate.h */,
				53A8BBE11A8889EF003D9D54 /* AppDelegate.m */,
				53A8BBE31A8889EF003D9D54 /* ViewController.h */,
				53A8BBE41A8889EF003D9D54 /* ViewController.m */,
				53A8BBE61A8889EF003D9D54 /* Main.storyboard */,
				53A8BBE91A8889EF003D9D54 /* Images.xcassets */,
				53E6B6B61A8E1E4D00B46850 /* BlankGreyScreen.png */,
				53A8BC1D1A88BB44003D9D54 /* Home.png */,
				53AEB53F1A8B2F2500DA5671 /* CheckoutImg.png */,
				53AEB5411A8B31A900DA5671 /* shoe.png */,
				B628BFDA1A91D5B5006DA115 /* Authorization.png */,
				53A8BC211A88C793003D9D54 /* BuyNow_btn.png */,
				53600F211A89378500D3B3A2 /* payNow_img.png */,
				53A8BC1E1A88BB44003D9D54 /* Phone.png */,
				53A8BBEB1A8889EF003D9D54 /* LaunchScreen.xib */,
				53A8BC041A88B558003D9D54 /* 32pt */,
				53A8BC021A888A88003D9D54 /* OptimalImg.png */,
				53A8BBDC1A8889EF003D9D54 /* Supporting Files */,
				53600F2E1A8A3C0E00D3B3A2 /* HomeViewController.h */,
				53600F2F1A8A3C0E00D3B3A2 /* HomeViewController.m */,
				53E6B6AE1A8CD3B600B46850 /* MerchantRealConfiguration.plist */,
			);
			path = TestQAMerchantApplication;
			sourceTree = "<group>";
		};
		53A8BBDC1A8889EF003D9D54 /* Supporting Files */ = {
			isa = PBXGroup;
			children = (
				53A8BBDD1A8889EF003D9D54 /* Info.plist */,
				53A8BBDE1A8889EF003D9D54 /* main.m */,
			);
			name = "Supporting Files";
			sourceTree = "<group>";
		};
		53A8BBF51A8889F0003D9D54 /* TestQAMerchantApplicationTests */ = {
			isa = PBXGroup;
			children = (
				53A8BBF81A8889F0003D9D54 /* TestQAMerchantApplicationTests.m */,
				53A8BBF61A8889F0003D9D54 /* Supporting Files */,
			);
			path = TestQAMerchantApplicationTests;
			sourceTree = "<group>";
		};
		53A8BBF61A8889F0003D9D54 /* Supporting Files */ = {
			isa = PBXGroup;
			children = (
				53A8BBF71A8889F0003D9D54 /* Info.plist */,
			);
			name = "Supporting Files";
			sourceTree = "<group>";
		};
		53A8BC041A88B558003D9D54 /* 32pt */ = {
			isa = PBXGroup;
			children = (
				53A8BC051A88B558003D9D54 /* ApplePayBTN_32pt__black_logo_@2x.png */,
				53A8BC061A88B558003D9D54 /* ApplePayBTN_32pt__black_logo_@3x.png */,
				53A8BC071A88B558003D9D54 /* ApplePayBTN_32pt__black_textLogo_@2x.png */,
				53A8BC081A88B558003D9D54 /* ApplePayBTN_32pt__black_textLogo_@3x.png */,
				53A8BC091A88B558003D9D54 /* ApplePayBTN_32pt__white_logo_@2x.png */,
				53A8BC0A1A88B558003D9D54 /* ApplePayBTN_32pt__white_logo_@3x.png */,
				53A8BC0B1A88B558003D9D54 /* ApplePayBTN_32pt__white_textLogo_@2x.png */,
				53A8BC0C1A88B558003D9D54 /* ApplePayBTN_32pt__white_textLogo_@3x.png */,
				53A8BC0D1A88B558003D9D54 /* ApplePayBTN_32pt__whiteLine_logo_@2x.png */,
				53A8BC0E1A88B558003D9D54 /* ApplePayBTN_32pt__whiteLine_logo_@3x.png */,
				53A8BC0F1A88B558003D9D54 /* ApplePayBTN_32pt__whiteLine_textLogo_@2x.png */,
				53A8BC101A88B558003D9D54 /* ApplePayBTN_32pt__whiteLine_textLogo_@3x.png */,
			);
			path = 32pt;
			sourceTree = "<group>";
		};
/* End PBXGroup section */

/* Begin PBXNativeTarget section */
		53A8BBD81A8889EF003D9D54 /* TestQAMerchantApplication */ = {
			isa = PBXNativeTarget;
			buildConfigurationList = 53A8BBFC1A8889F0003D9D54 /* Build configuration list for PBXNativeTarget "TestQAMerchantApplication" */;
			buildPhases = (
				53A8BBD51A8889EF003D9D54 /* Sources */,
				53A8BBD61A8889EF003D9D54 /* Frameworks */,
				53A8BBD71A8889EF003D9D54 /* Resources */,
			);
			buildRules = (
			);
			dependencies = (
			);
			name = TestQAMerchantApplication;
			productName = TestQAMerchantApplication;
			productReference = 53A8BBD91A8889EF003D9D54 /* TestQAMerchantApplication.app */;
			productType = "com.apple.product-type.application";
		};
		53A8BBF11A8889F0003D9D54 /* TestQAMerchantApplicationTests */ = {
			isa = PBXNativeTarget;
			buildConfigurationList = 53A8BBFF1A8889F0003D9D54 /* Build configuration list for PBXNativeTarget "TestQAMerchantApplicationTests" */;
			buildPhases = (
				53A8BBEE1A8889F0003D9D54 /* Sources */,
				53A8BBEF1A8889F0003D9D54 /* Frameworks */,
				53A8BBF01A8889F0003D9D54 /* Resources */,
			);
			buildRules = (
			);
			dependencies = (
				53A8BBF41A8889F0003D9D54 /* PBXTargetDependency */,
			);
			name = TestQAMerchantApplicationTests;
			productName = TestQAMerchantApplicationTests;
			productReference = 53A8BBF21A8889F0003D9D54 /* TestQAMerchantApplicationTests.xctest */;
			productType = "com.apple.product-type.bundle.unit-test";
		};
/* End PBXNativeTarget section */

/* Begin PBXProject section */
		53A8BBD11A8889EF003D9D54 /* Project object */ = {
			isa = PBXProject;
			attributes = {
				LastUpgradeCheck = 0610;
				ORGANIZATIONNAME = opus;
				TargetAttributes = {
					53A8BBD81A8889EF003D9D54 = {
						CreatedOnToolsVersion = 6.1.1;
						DevelopmentTeam = JQ29TUS2B9;
						SystemCapabilities = {
							com.apple.OMC = {
								enabled = 1;
							};
						};
					};
					53A8BBF11A8889F0003D9D54 = {
						CreatedOnToolsVersion = 6.1.1;
						TestTargetID = 53A8BBD81A8889EF003D9D54;
					};
				};
			};
			buildConfigurationList = 53A8BBD41A8889EF003D9D54 /* Build configuration list for PBXProject "TestQAMerchantApplication" */;
			compatibilityVersion = "Xcode 3.2";
			developmentRegion = English;
			hasScannedForEncodings = 0;
			knownRegions = (
				en,
				Base,
			);
			mainGroup = 53A8BBD01A8889EF003D9D54;
			productRefGroup = 53A8BBDA1A8889EF003D9D54 /* Products */;
			projectDirPath = "";
			projectRoot = "";
			targets = (
				53A8BBD81A8889EF003D9D54 /* TestQAMerchantApplication */,
				53A8BBF11A8889F0003D9D54 /* TestQAMerchantApplicationTests */,
			);
		};
/* End PBXProject section */

/* Begin PBXResourcesBuildPhase section */
		53A8BBD71A8889EF003D9D54 /* Resources */ = {
			isa = PBXResourcesBuildPhase;
			buildActionMask = 2147483647;
			files = (
				53AEB5421A8B31A900DA5671 /* shoe.png in Resources */,
				53A8BC031A888A88003D9D54 /* OptimalImg.png in Resources */,
				53A8BC171A88B558003D9D54 /* ApplePayBTN_32pt__white_textLogo_@2x.png in Resources */,
				53A8BC131A88B558003D9D54 /* ApplePayBTN_32pt__black_textLogo_@2x.png in Resources */,
				53600F221A89378500D3B3A2 /* payNow_img.png in Resources */,
				53AEB5401A8B2F2500DA5671 /* CheckoutImg.png in Resources */,
				53A8BC111A88B558003D9D54 /* ApplePayBTN_32pt__black_logo_@2x.png in Resources */,
				53A8BBE81A8889EF003D9D54 /* Main.storyboard in Resources */,
				B628BFDB1A91D5B6006DA115 /* Authorization.png in Resources */,
				53A8BC181A88B558003D9D54 /* ApplePayBTN_32pt__white_textLogo_@3x.png in Resources */,
				53A8BBED1A8889EF003D9D54 /* LaunchScreen.xib in Resources */,
				53A8BC141A88B558003D9D54 /* ApplePayBTN_32pt__black_textLogo_@3x.png in Resources */,
				53A8BC221A88C793003D9D54 /* BuyNow_btn.png in Resources */,
				53A8BC121A88B558003D9D54 /* ApplePayBTN_32pt__black_logo_@3x.png in Resources */,
				53A8BC151A88B558003D9D54 /* ApplePayBTN_32pt__white_logo_@2x.png in Resources */,
				53A8BC1A1A88B558003D9D54 /* ApplePayBTN_32pt__whiteLine_logo_@3x.png in Resources */,
				53A8BC1F1A88BB44003D9D54 /* Home.png in Resources */,
				53E6B6B71A8E1E4D00B46850 /* BlankGreyScreen.png in Resources */,
				53A8BC201A88BB44003D9D54 /* Phone.png in Resources */,
				53A8BC161A88B558003D9D54 /* ApplePayBTN_32pt__white_logo_@3x.png in Resources */,
				53A8BBEA1A8889EF003D9D54 /* Images.xcassets in Resources */,
				5326AB991ACE806800E90FF7 /* OPAYMockPaymentSummaryViewController.xib in Resources */,
				53A8BC1C1A88B558003D9D54 /* ApplePayBTN_32pt__whiteLine_textLogo_@3x.png in Resources */,
				53A8BC191A88B558003D9D54 /* ApplePayBTN_32pt__whiteLine_logo_@2x.png in Resources */,
				53A8BC1B1A88B558003D9D54 /* ApplePayBTN_32pt__whiteLine_textLogo_@2x.png in Resources */,
				53E6B6AF1A8CD3B600B46850 /* MerchantRealConfiguration.plist in Resources */,
			);
			runOnlyForDeploymentPostprocessing = 0;
		};
		53A8BBF01A8889F0003D9D54 /* Resources */ = {
			isa = PBXResourcesBuildPhase;
			buildActionMask = 2147483647;
			files = (
			);
			runOnlyForDeploymentPostprocessing = 0;
		};
/* End PBXResourcesBuildPhase section */

/* Begin PBXSourcesBuildPhase section */
		53A8BBD51A8889EF003D9D54 /* Sources */ = {
			isa = PBXSourcesBuildPhase;
			buildActionMask = 2147483647;
			files = (
				5377081A1AA03D7A00941253 /* OPTAuthorizationProcess.m in Sources */,
				53A8BBE51A8889EF003D9D54 /* ViewController.m in Sources */,
				53A8BBE21A8889EF003D9D54 /* AppDelegate.m in Sources */,
				53A8BBDF1A8889EF003D9D54 /* main.m in Sources */,
				53600F301A8A3C0E00D3B3A2 /* HomeViewController.m in Sources */,
			);
			runOnlyForDeploymentPostprocessing = 0;
		};
		53A8BBEE1A8889F0003D9D54 /* Sources */ = {
			isa = PBXSourcesBuildPhase;
			buildActionMask = 2147483647;
			files = (
				53A8BBF91A8889F0003D9D54 /* TestQAMerchantApplicationTests.m in Sources */,
			);
			runOnlyForDeploymentPostprocessing = 0;
		};
/* End PBXSourcesBuildPhase section */

/* Begin PBXTargetDependency section */
		53A8BBF41A8889F0003D9D54 /* PBXTargetDependency */ = {
			isa = PBXTargetDependency;
			target = 53A8BBD81A8889EF003D9D54 /* TestQAMerchantApplication */;
			targetProxy = 53A8BBF31A8889F0003D9D54 /* PBXContainerItemProxy */;
		};
/* End PBXTargetDependency section */

/* Begin PBXVariantGroup section */
		53A8BBE61A8889EF003D9D54 /* Main.storyboard */ = {
			isa = PBXVariantGroup;
			children = (
				53A8BBE71A8889EF003D9D54 /* Base */,
			);
			name = Main.storyboard;
			sourceTree = "<group>";
		};
		53A8BBEB1A8889EF003D9D54 /* LaunchScreen.xib */ = {
			isa = PBXVariantGroup;
			children = (
				53A8BBEC1A8889EF003D9D54 /* Base */,
			);
			name = LaunchScreen.xib;
			sourceTree = "<group>";
		};
/* End PBXVariantGroup section */

/* Begin XCBuildConfiguration section */
		53A8BBFA1A8889F0003D9D54 /* Debug */ = {
			isa = XCBuildConfiguration;
			buildSettings = {
				ALWAYS_SEARCH_USER_PATHS = NO;
				CLANG_CXX_LANGUAGE_STANDARD = "gnu++0x";
				CLANG_CXX_LIBRARY = "libc++";
				CLANG_ENABLE_MODULES = YES;
				CLANG_ENABLE_OBJC_ARC = YES;
				CLANG_WARN_BOOL_CONVERSION = YES;
				CLANG_WARN_CONSTANT_CONVERSION = YES;
				CLANG_WARN_DIRECT_OBJC_ISA_USAGE = YES_ERROR;
				CLANG_WARN_EMPTY_BODY = YES;
				CLANG_WARN_ENUM_CONVERSION = YES;
				CLANG_WARN_INT_CONVERSION = YES;
				CLANG_WARN_OBJC_ROOT_CLASS = YES_ERROR;
				CLANG_WARN_UNREACHABLE_CODE = YES;
				CLANG_WARN__DUPLICATE_METHOD_MATCH = YES;
				"CODE_SIGN_IDENTITY[sdk=iphoneos*]" = "iPhone Developer";
				COPY_PHASE_STRIP = NO;
				ENABLE_STRICT_OBJC_MSGSEND = YES;
				GCC_C_LANGUAGE_STANDARD = gnu99;
				GCC_DYNAMIC_NO_PIC = NO;
				GCC_OPTIMIZATION_LEVEL = 0;
				GCC_PREPROCESSOR_DEFINITIONS = (
					"DEBUG=1",
					"$(inherited)",
				);
				GCC_SYMBOLS_PRIVATE_EXTERN = NO;
				GCC_WARN_64_TO_32_BIT_CONVERSION = YES;
				GCC_WARN_ABOUT_RETURN_TYPE = YES_ERROR;
				GCC_WARN_UNDECLARED_SELECTOR = YES;
				GCC_WARN_UNINITIALIZED_AUTOS = YES_AGGRESSIVE;
				GCC_WARN_UNUSED_FUNCTION = YES;
				GCC_WARN_UNUSED_VARIABLE = YES;
				IPHONEOS_DEPLOYMENT_TARGET = 8.1;
				MTL_ENABLE_DEBUG_INFO = YES;
				ONLY_ACTIVE_ARCH = YES;
				SDKROOT = iphoneos;
			};
			name = Debug;
		};
		53A8BBFB1A8889F0003D9D54 /* Release */ = {
			isa = XCBuildConfiguration;
			buildSettings = {
				ALWAYS_SEARCH_USER_PATHS = NO;
				CLANG_CXX_LANGUAGE_STANDARD = "gnu++0x";
				CLANG_CXX_LIBRARY = "libc++";
				CLANG_ENABLE_MODULES = YES;
				CLANG_ENABLE_OBJC_ARC = YES;
				CLANG_WARN_BOOL_CONVERSION = YES;
				CLANG_WARN_CONSTANT_CONVERSION = YES;
				CLANG_WARN_DIRECT_OBJC_ISA_USAGE = YES_ERROR;
				CLANG_WARN_EMPTY_BODY = YES;
				CLANG_WARN_ENUM_CONVERSION = YES;
				CLANG_WARN_INT_CONVERSION = YES;
				CLANG_WARN_OBJC_ROOT_CLASS = YES_ERROR;
				CLANG_WARN_UNREACHABLE_CODE = YES;
				CLANG_WARN__DUPLICATE_METHOD_MATCH = YES;
				"CODE_SIGN_IDENTITY[sdk=iphoneos*]" = "iPhone Developer";
				COPY_PHASE_STRIP = YES;
				ENABLE_NS_ASSERTIONS = NO;
				ENABLE_STRICT_OBJC_MSGSEND = YES;
				GCC_C_LANGUAGE_STANDARD = gnu99;
				GCC_WARN_64_TO_32_BIT_CONVERSION = YES;
				GCC_WARN_ABOUT_RETURN_TYPE = YES_ERROR;
				GCC_WARN_UNDECLARED_SELECTOR = YES;
				GCC_WARN_UNINITIALIZED_AUTOS = YES_AGGRESSIVE;
				GCC_WARN_UNUSED_FUNCTION = YES;
				GCC_WARN_UNUSED_VARIABLE = YES;
				IPHONEOS_DEPLOYMENT_TARGET = 8.1;
				MTL_ENABLE_DEBUG_INFO = NO;
				SDKROOT = iphoneos;
				VALIDATE_PRODUCT = YES;
			};
			name = Release;
		};
		53A8BBFD1A8889F0003D9D54 /* Debug */ = {
			isa = XCBuildConfiguration;
			buildSettings = {
				ASSETCATALOG_COMPILER_APPICON_NAME = AppIcon;
				CODE_SIGN_ENTITLEMENTS = TestQAMerchantApplication/TestQAMerchantApplication.entitlements;
				CODE_SIGN_IDENTITY = "iPhone Developer";
				"CODE_SIGN_IDENTITY[sdk=iphoneos*]" = "iPhone Developer: Shamez Budhwani (ZD3YXN3UT3)";
				FRAMEWORK_SEARCH_PATHS = (
					"$(inherited)",
					"$(PROJECT_DIR)/TestQAMerchantApplication",
					/Users/opus/Desktop,
				);
				INFOPLIST_FILE = TestQAMerchantApplication/Info.plist;
				LD_RUNPATH_SEARCH_PATHS = "$(inherited) @executable_path/Frameworks";
				PRODUCT_NAME = "$(TARGET_NAME)";
				PROVISIONING_PROFILE = "5601a094-4949-4d6c-9f66-8dbc9e4fcc3e";
			};
			name = Debug;
		};
		53A8BBFE1A8889F0003D9D54 /* Release */ = {
			isa = XCBuildConfiguration;
			buildSettings = {
				ASSETCATALOG_COMPILER_APPICON_NAME = AppIcon;
				CODE_SIGN_ENTITLEMENTS = TestQAMerchantApplication/TestQAMerchantApplication.entitlements;
				CODE_SIGN_IDENTITY = "iPhone Developer";
				"CODE_SIGN_IDENTITY[sdk=iphoneos*]" = "iPhone Developer: Shamez Budhwani (ZD3YXN3UT3)";
				FRAMEWORK_SEARCH_PATHS = (
					"$(inherited)",
					"$(PROJECT_DIR)/TestQAMerchantApplication",
					/Users/opus/Desktop,
				);
				INFOPLIST_FILE = TestQAMerchantApplication/Info.plist;
				LD_RUNPATH_SEARCH_PATHS = "$(inherited) @executable_path/Frameworks";
				PRODUCT_NAME = "$(TARGET_NAME)";
				PROVISIONING_PROFILE = "5601a094-4949-4d6c-9f66-8dbc9e4fcc3e";
			};
			name = Release;
		};
		53A8BC001A8889F0003D9D54 /* Debug */ = {
			isa = XCBuildConfiguration;
			buildSettings = {
				BUNDLE_LOADER = "$(TEST_HOST)";
				FRAMEWORK_SEARCH_PATHS = (
					"$(SDKROOT)/Developer/Library/Frameworks",
					"$(inherited)",
				);
				GCC_PREPROCESSOR_DEFINITIONS = (
					"DEBUG=1",
					"$(inherited)",
				);
				INFOPLIST_FILE = TestQAMerchantApplicationTests/Info.plist;
				LD_RUNPATH_SEARCH_PATHS = "$(inherited) @executable_path/Frameworks @loader_path/Frameworks";
				PRODUCT_NAME = "$(TARGET_NAME)";
				TEST_HOST = "$(BUILT_PRODUCTS_DIR)/TestQAMerchantApplication.app/TestQAMerchantApplication";
			};
			name = Debug;
		};
		53A8BC011A8889F0003D9D54 /* Release */ = {
			isa = XCBuildConfiguration;
			buildSettings = {
				BUNDLE_LOADER = "$(TEST_HOST)";
				FRAMEWORK_SEARCH_PATHS = (
					"$(SDKROOT)/Developer/Library/Frameworks",
					"$(inherited)",
				);
				INFOPLIST_FILE = TestQAMerchantApplicationTests/Info.plist;
				LD_RUNPATH_SEARCH_PATHS = "$(inherited) @executable_path/Frameworks @loader_path/Frameworks";
				PRODUCT_NAME = "$(TARGET_NAME)";
				TEST_HOST = "$(BUILT_PRODUCTS_DIR)/TestQAMerchantApplication.app/TestQAMerchantApplication";
			};
			name = Release;
		};
/* End XCBuildConfiguration section */

/* Begin XCConfigurationList section */
		53A8BBD41A8889EF003D9D54 /* Build configuration list for PBXProject "TestQAMerchantApplication" */ = {
			isa = XCConfigurationList;
			buildConfigurations = (
				53A8BBFA1A8889F0003D9D54 /* Debug */,
				53A8BBFB1A8889F0003D9D54 /* Release */,
			);
			defaultConfigurationIsVisible = 0;
			defaultConfigurationName = Release;
		};
		53A8BBFC1A8889F0003D9D54 /* Build configuration list for PBXNativeTarget "TestQAMerchantApplication" */ = {
			isa = XCConfigurationList;
			buildConfigurations = (
				53A8BBFD1A8889F0003D9D54 /* Debug */,
				53A8BBFE1A8889F0003D9D54 /* Release */,
			);
			defaultConfigurationIsVisible = 0;
			defaultConfigurationName = Release;
		};
		53A8BBFF1A8889F0003D9D54 /* Build configuration list for PBXNativeTarget "TestQAMerchantApplicationTests" */ = {
			isa = XCConfigurationList;
			buildConfigurations = (
				53A8BC001A8889F0003D9D54 /* Debug */,
				53A8BC011A8889F0003D9D54 /* Release */,
			);
			defaultConfigurationIsVisible = 0;
			defaultConfigurationName = Release;
		};
/* End XCConfigurationList section */
	};
	rootObject = 53A8BBD11A8889EF003D9D54 /* Project object */;
}
