// !$*UTF8*$!
{
	archiveVersion = 1;
	classes = {
	};
	objectVersion = 46;
	objects = {

/* Begin PBXBuildFile section */
		53451D631ADFABF700D84513 /* OptimalApplePay.framework in Frameworks */ = {isa = PBXBuildFile; fileRef = 53451D621ADFABF700D84513 /* OptimalApplePay.framework */; };
		535E77841A947449004411CA /* Back_img.png in Resources */ = {isa = PBXBuildFile; fileRef = 535E77831A947449004411CA /* Back_img.png */; };
		535E77861A949083004411CA /* Authorization.png in Resources */ = {isa = PBXBuildFile; fileRef = 535E77851A949082004411CA /* Authorization.png */; };
		535E779A1A94AE2F004411CA /* ApplePayBTN_32pt__black_logo_@2x.png in Resources */ = {isa = PBXBuildFile; fileRef = 535E778E1A94AE2F004411CA /* ApplePayBTN_32pt__black_logo_@2x.png */; };
		535E779B1A94AE2F004411CA /* ApplePayBTN_32pt__black_logo_@3x.png in Resources */ = {isa = PBXBuildFile; fileRef = 535E778F1A94AE2F004411CA /* ApplePayBTN_32pt__black_logo_@3x.png */; };
		535E779C1A94AE2F004411CA /* ApplePayBTN_32pt__black_textLogo_@2x.png in Resources */ = {isa = PBXBuildFile; fileRef = 535E77901A94AE2F004411CA /* ApplePayBTN_32pt__black_textLogo_@2x.png */; };
		535E779D1A94AE2F004411CA /* ApplePayBTN_32pt__black_textLogo_@3x.png in Resources */ = {isa = PBXBuildFile; fileRef = 535E77911A94AE2F004411CA /* ApplePayBTN_32pt__black_textLogo_@3x.png */; };
		535E779E1A94AE2F004411CA /* ApplePayBTN_32pt__white_logo_@2x.png in Resources */ = {isa = PBXBuildFile; fileRef = 535E77921A94AE2F004411CA /* ApplePayBTN_32pt__white_logo_@2x.png */; };
		535E779F1A94AE2F004411CA /* ApplePayBTN_32pt__white_logo_@3x.png in Resources */ = {isa = PBXBuildFile; fileRef = 535E77931A94AE2F004411CA /* ApplePayBTN_32pt__white_logo_@3x.png */; };
		535E77A01A94AE2F004411CA /* ApplePayBTN_32pt__white_textLogo_@2x.png in Resources */ = {isa = PBXBuildFile; fileRef = 535E77941A94AE2F004411CA /* ApplePayBTN_32pt__white_textLogo_@2x.png */; };
		535E77A11A94AE2F004411CA /* ApplePayBTN_32pt__white_textLogo_@3x.png in Resources */ = {isa = PBXBuildFile; fileRef = 535E77951A94AE2F004411CA /* ApplePayBTN_32pt__white_textLogo_@3x.png */; };
		535E77A21A94AE2F004411CA /* ApplePayBTN_32pt__whiteLine_logo_@2x.png in Resources */ = {isa = PBXBuildFile; fileRef = 535E77961A94AE2F004411CA /* ApplePayBTN_32pt__whiteLine_logo_@2x.png */; };
		535E77A31A94AE2F004411CA /* ApplePayBTN_32pt__whiteLine_logo_@3x.png in Resources */ = {isa = PBXBuildFile; fileRef = 535E77971A94AE2F004411CA /* ApplePayBTN_32pt__whiteLine_logo_@3x.png */; };
		535E77A41A94AE2F004411CA /* ApplePayBTN_32pt__whiteLine_textLogo_@2x.png in Resources */ = {isa = PBXBuildFile; fileRef = 535E77981A94AE2F004411CA /* ApplePayBTN_32pt__whiteLine_textLogo_@2x.png */; };
		535E77A51A94AE2F004411CA /* ApplePayBTN_32pt__whiteLine_textLogo_@3x.png in Resources */ = {isa = PBXBuildFile; fileRef = 535E77991A94AE2F004411CA /* ApplePayBTN_32pt__whiteLine_textLogo_@3x.png */; };
		5361C4381A8F160C00297152 /* TestWSMerchantApplication-Swift-Bridging-Header.h in Sources */ = {isa = PBXBuildFile; fileRef = 5361C4341A8F114D00297152 /* TestWSMerchantApplication-Swift-Bridging-Header.h */; };
		53AEB5161A8B2D9300DA5671 /* AppDelegate.swift in Sources */ = {isa = PBXBuildFile; fileRef = 53AEB5151A8B2D9300DA5671 /* AppDelegate.swift */; };
		53AEB5181A8B2D9300DA5671 /* ViewController.swift in Sources */ = {isa = PBXBuildFile; fileRef = 53AEB5171A8B2D9300DA5671 /* ViewController.swift */; };
		53AEB51B1A8B2D9300DA5671 /* Main.storyboard in Resources */ = {isa = PBXBuildFile; fileRef = 53AEB5191A8B2D9300DA5671 /* Main.storyboard */; };
		53AEB51D1A8B2D9300DA5671 /* Images.xcassets in Resources */ = {isa = PBXBuildFile; fileRef = 53AEB51C1A8B2D9300DA5671 /* Images.xcassets */; };
		53AEB5201A8B2D9300DA5671 /* LaunchScreen.xib in Resources */ = {isa = PBXBuildFile; fileRef = 53AEB51E1A8B2D9300DA5671 /* LaunchScreen.xib */; };
		53AEB52C1A8B2D9400DA5671 /* TestWSMerchantApplication_SwiftTests.swift in Sources */ = {isa = PBXBuildFile; fileRef = 53AEB52B1A8B2D9400DA5671 /* TestWSMerchantApplication_SwiftTests.swift */; };
		53AEB53B1A8B2DC300DA5671 /* BuyNow_btn.png in Resources */ = {isa = PBXBuildFile; fileRef = 53AEB5361A8B2DC300DA5671 /* BuyNow_btn.png */; };
		53AEB53C1A8B2DC300DA5671 /* payNow_img.png in Resources */ = {isa = PBXBuildFile; fileRef = 53AEB5371A8B2DC300DA5671 /* payNow_img.png */; };
		53AEB53E1A8B2DC300DA5671 /* OptimalImg.png in Resources */ = {isa = PBXBuildFile; fileRef = 53AEB5391A8B2DC300DA5671 /* OptimalImg.png */; };
		53C32F471A9460FE0057E423 /* Shopping_img.png in Resources */ = {isa = PBXBuildFile; fileRef = 53C32F461A9460FE0057E423 /* Shopping_img.png */; };
		53C32F551A9470280057E423 /* TVViewController.swift in Sources */ = {isa = PBXBuildFile; fileRef = 53C32F541A9470280057E423 /* TVViewController.swift */; };
		53D783EF1ABFE884000680DF /* OPTAuthorizationProcess.m in Sources */ = {isa = PBXBuildFile; fileRef = 53D783EE1ABFE884000680DF /* OPTAuthorizationProcess.m */; };
		B616825F1AB05A3F003A142D /* MerchantRealConfiguration.plist in Resources */ = {isa = PBXBuildFile; fileRef = B616825E1AB05A3F003A142D /* MerchantRealConfiguration.plist */; };
/* End PBXBuildFile section */

/* Begin PBXContainerItemProxy section */
		53AEB5261A8B2D9400DA5671 /* PBXContainerItemProxy */ = {
			isa = PBXContainerItemProxy;
			containerPortal = 53AEB5081A8B2D9300DA5671 /* Project object */;
			proxyType = 1;
			remoteGlobalIDString = 53AEB50F1A8B2D9300DA5671;
			remoteInfo = "TestWSMerchantApplication-Swift";
		};
/* End PBXContainerItemProxy section */

/* Begin PBXFileReference section */
		53451D621ADFABF700D84513 /* OptimalApplePay.framework */ = {isa = PBXFileReference; lastKnownFileType = wrapper.framework; path = OptimalApplePay.framework; sourceTree = "<group>"; };
		535A53E21A970FC00070DD63 /* TestWSMerchantApplication-Swift.entitlements */ = {isa = PBXFileReference; lastKnownFileType = text.xml; path = "TestWSMerchantApplication-Swift.entitlements"; sourceTree = "<group>"; };
		535E77831A947449004411CA /* Back_img.png */ = {isa = PBXFileReference; lastKnownFileType = image.png; path = Back_img.png; sourceTree = "<group>"; };
		535E77851A949082004411CA /* Authorization.png */ = {isa = PBXFileReference; lastKnownFileType = image.png; path = Authorization.png; sourceTree = "<group>"; };
		535E778E1A94AE2F004411CA /* ApplePayBTN_32pt__black_logo_@2x.png */ = {isa = PBXFileReference; lastKnownFileType = image.png; path = "ApplePayBTN_32pt__black_logo_@2x.png"; sourceTree = "<group>"; };
		535E778F1A94AE2F004411CA /* ApplePayBTN_32pt__black_logo_@3x.png */ = {isa = PBXFileReference; lastKnownFileType = image.png; path = "ApplePayBTN_32pt__black_logo_@3x.png"; sourceTree = "<group>"; };
		535E77901A94AE2F004411CA /* ApplePayBTN_32pt__black_textLogo_@2x.png */ = {isa = PBXFileReference; lastKnownFileType = image.png; path = "ApplePayBTN_32pt__black_textLogo_@2x.png"; sourceTree = "<group>"; };
		535E77911A94AE2F004411CA /* ApplePayBTN_32pt__black_textLogo_@3x.png */ = {isa = PBXFileReference; lastKnownFileType = image.png; path = "ApplePayBTN_32pt__black_textLogo_@3x.png"; sourceTree = "<group>"; };
		535E77921A94AE2F004411CA /* ApplePayBTN_32pt__white_logo_@2x.png */ = {isa = PBXFileReference; lastKnownFileType = image.png; path = "ApplePayBTN_32pt__white_logo_@2x.png"; sourceTree = "<group>"; };
		535E77931A94AE2F004411CA /* ApplePayBTN_32pt__white_logo_@3x.png */ = {isa = PBXFileReference; lastKnownFileType = image.png; path = "ApplePayBTN_32pt__white_logo_@3x.png"; sourceTree = "<group>"; };
		535E77941A94AE2F004411CA /* ApplePayBTN_32pt__white_textLogo_@2x.png */ = {isa = PBXFileReference; lastKnownFileType = image.png; path = "ApplePayBTN_32pt__white_textLogo_@2x.png"; sourceTree = "<group>"; };
		535E77951A94AE2F004411CA /* ApplePayBTN_32pt__white_textLogo_@3x.png */ = {isa = PBXFileReference; lastKnownFileType = image.png; path = "ApplePayBTN_32pt__white_textLogo_@3x.png"; sourceTree = "<group>"; };
		535E77961A94AE2F004411CA /* ApplePayBTN_32pt__whiteLine_logo_@2x.png */ = {isa = PBXFileReference; lastKnownFileType = image.png; path = "ApplePayBTN_32pt__whiteLine_logo_@2x.png"; sourceTree = "<group>"; };
		535E77971A94AE2F004411CA /* ApplePayBTN_32pt__whiteLine_logo_@3x.png */ = {isa = PBXFileReference; lastKnownFileType = image.png; path = "ApplePayBTN_32pt__whiteLine_logo_@3x.png"; sourceTree = "<group>"; };
		535E77981A94AE2F004411CA /* ApplePayBTN_32pt__whiteLine_textLogo_@2x.png */ = {isa = PBXFileReference; lastKnownFileType = image.png; path = "ApplePayBTN_32pt__whiteLine_textLogo_@2x.png"; sourceTree = "<group>"; };
		535E77991A94AE2F004411CA /* ApplePayBTN_32pt__whiteLine_textLogo_@3x.png */ = {isa = PBXFileReference; lastKnownFileType = image.png; path = "ApplePayBTN_32pt__whiteLine_textLogo_@3x.png"; sourceTree = "<group>"; };
		5361C4341A8F114D00297152 /* TestWSMerchantApplication-Swift-Bridging-Header.h */ = {isa = PBXFileReference; lastKnownFileType = sourcecode.c.h; path = "TestWSMerchantApplication-Swift-Bridging-Header.h"; sourceTree = "<group>"; };
		53AEB5101A8B2D9300DA5671 /* TestWSMerchantApplication-Swift.app */ = {isa = PBXFileReference; explicitFileType = wrapper.application; includeInIndex = 0; path = "TestWSMerchantApplication-Swift.app"; sourceTree = BUILT_PRODUCTS_DIR; };
		53AEB5141A8B2D9300DA5671 /* Info.plist */ = {isa = PBXFileReference; lastKnownFileType = text.plist.xml; path = Info.plist; sourceTree = "<group>"; };
		53AEB5151A8B2D9300DA5671 /* AppDelegate.swift */ = {isa = PBXFileReference; lastKnownFileType = sourcecode.swift; path = AppDelegate.swift; sourceTree = "<group>"; };
		53AEB5171A8B2D9300DA5671 /* ViewController.swift */ = {isa = PBXFileReference; lastKnownFileType = sourcecode.swift; path = ViewController.swift; sourceTree = "<group>"; };
		53AEB51A1A8B2D9300DA5671 /* Base */ = {isa = PBXFileReference; lastKnownFileType = file.storyboard; name = Base; path = Base.lproj/Main.storyboard; sourceTree = "<group>"; };
		53AEB51C1A8B2D9300DA5671 /* Images.xcassets */ = {isa = PBXFileReference; lastKnownFileType = folder.assetcatalog; path = Images.xcassets; sourceTree = "<group>"; };
		53AEB51F1A8B2D9300DA5671 /* Base */ = {isa = PBXFileReference; lastKnownFileType = file.xib; name = Base; path = Base.lproj/LaunchScreen.xib; sourceTree = "<group>"; };
		53AEB5251A8B2D9400DA5671 /* TestWSMerchantApplication-SwiftTests.xctest */ = {isa = PBXFileReference; explicitFileType = wrapper.cfbundle; includeInIndex = 0; path = "TestWSMerchantApplication-SwiftTests.xctest"; sourceTree = BUILT_PRODUCTS_DIR; };
		53AEB52A1A8B2D9400DA5671 /* Info.plist */ = {isa = PBXFileReference; lastKnownFileType = text.plist.xml; path = Info.plist; sourceTree = "<group>"; };
		53AEB52B1A8B2D9400DA5671 /* TestWSMerchantApplication_SwiftTests.swift */ = {isa = PBXFileReference; lastKnownFileType = sourcecode.swift; path = TestWSMerchantApplication_SwiftTests.swift; sourceTree = "<group>"; };
		53AEB5361A8B2DC300DA5671 /* BuyNow_btn.png */ = {isa = PBXFileReference; lastKnownFileType = image.png; path = BuyNow_btn.png; sourceTree = "<group>"; };
		53AEB5371A8B2DC300DA5671 /* payNow_img.png */ = {isa = PBXFileReference; lastKnownFileType = image.png; path = payNow_img.png; sourceTree = "<group>"; };
		53AEB5391A8B2DC300DA5671 /* OptimalImg.png */ = {isa = PBXFileReference; lastKnownFileType = image.png; path = OptimalImg.png; sourceTree = "<group>"; };
		53C32F461A9460FE0057E423 /* Shopping_img.png */ = {isa = PBXFileReference; lastKnownFileType = image.png; path = Shopping_img.png; sourceTree = "<group>"; };
		53C32F541A9470280057E423 /* TVViewController.swift */ = {isa = PBXFileReference; fileEncoding = 4; lastKnownFileType = sourcecode.swift; path = TVViewController.swift; sourceTree = "<group>"; };
		53D783ED1ABFE884000680DF /* OPTAuthorizationProcess.h */ = {isa = PBXFileReference; fileEncoding = 4; lastKnownFileType = sourcecode.c.h; path = OPTAuthorizationProcess.h; sourceTree = "<group>"; };
		53D783EE1ABFE884000680DF /* OPTAuthorizationProcess.m */ = {isa = PBXFileReference; fileEncoding = 4; lastKnownFileType = sourcecode.c.objc; path = OPTAuthorizationProcess.m; sourceTree = "<group>"; };
		B616825E1AB05A3F003A142D /* MerchantRealConfiguration.plist */ = {isa = PBXFileReference; fileEncoding = 4; lastKnownFileType = text.plist.xml; path = MerchantRealConfiguration.plist; sourceTree = "<group>"; };
/* End PBXFileReference section */

/* Begin PBXFrameworksBuildPhase section */
		53AEB50D1A8B2D9300DA5671 /* Frameworks */ = {
			isa = PBXFrameworksBuildPhase;
			buildActionMask = 2147483647;
			files = (
				53451D631ADFABF700D84513 /* OptimalApplePay.framework in Frameworks */,
			);
			runOnlyForDeploymentPostprocessing = 0;
		};
		53AEB5221A8B2D9400DA5671 /* Frameworks */ = {
			isa = PBXFrameworksBuildPhase;
			buildActionMask = 2147483647;
			files = (
			);
			runOnlyForDeploymentPostprocessing = 0;
		};
/* End PBXFrameworksBuildPhase section */

/* Begin PBXGroup section */
		535E77871A9493B6004411CA /* images */ = {
			isa = PBXGroup;
			children = (
				535E778D1A94AE15004411CA /* 32pt */,
				53C32F461A9460FE0057E423 /* Shopping_img.png */,
				53AEB5361A8B2DC300DA5671 /* BuyNow_btn.png */,
				535E77851A949082004411CA /* Authorization.png */,
				53AEB5371A8B2DC300DA5671 /* payNow_img.png */,
				53AEB5391A8B2DC300DA5671 /* OptimalImg.png */,
				535E77831A947449004411CA /* Back_img.png */,
			);
			name = images;
			sourceTree = "<group>";
		};
		535E77881A9493CE004411CA /* SDK */ = {
			isa = PBXGroup;
			children = (
				53D783F01ABFE88A000680DF /* ApplePay */,
				53D783EC1ABFE873000680DF /* Authorization */,
			);
			name = SDK;
			sourceTree = "<group>";
		};
		535E778D1A94AE15004411CA /* 32pt */ = {
			isa = PBXGroup;
			children = (
				535E778E1A94AE2F004411CA /* ApplePayBTN_32pt__black_logo_@2x.png */,
				535E778F1A94AE2F004411CA /* ApplePayBTN_32pt__black_logo_@3x.png */,
				535E77901A94AE2F004411CA /* ApplePayBTN_32pt__black_textLogo_@2x.png */,
				535E77911A94AE2F004411CA /* ApplePayBTN_32pt__black_textLogo_@3x.png */,
				535E77921A94AE2F004411CA /* ApplePayBTN_32pt__white_logo_@2x.png */,
				535E77931A94AE2F004411CA /* ApplePayBTN_32pt__white_logo_@3x.png */,
				535E77941A94AE2F004411CA /* ApplePayBTN_32pt__white_textLogo_@2x.png */,
				535E77951A94AE2F004411CA /* ApplePayBTN_32pt__white_textLogo_@3x.png */,
				535E77961A94AE2F004411CA /* ApplePayBTN_32pt__whiteLine_logo_@2x.png */,
				535E77971A94AE2F004411CA /* ApplePayBTN_32pt__whiteLine_logo_@3x.png */,
				535E77981A94AE2F004411CA /* ApplePayBTN_32pt__whiteLine_textLogo_@2x.png */,
				535E77991A94AE2F004411CA /* ApplePayBTN_32pt__whiteLine_textLogo_@3x.png */,
			);
			name = 32pt;
			sourceTree = "<group>";
		};
		53AEB5071A8B2D9300DA5671 = {
			isa = PBXGroup;
			children = (
				53AEB5121A8B2D9300DA5671 /* TestWSMerchantApplication-Swift */,
				53AEB5281A8B2D9400DA5671 /* TestWSMerchantApplication-SwiftTests */,
				53AEB5111A8B2D9300DA5671 /* Products */,
				5361C4341A8F114D00297152 /* TestWSMerchantApplication-Swift-Bridging-Header.h */,
			);
			sourceTree = "<group>";
		};
		53AEB5111A8B2D9300DA5671 /* Products */ = {
			isa = PBXGroup;
			children = (
				53AEB5101A8B2D9300DA5671 /* TestWSMerchantApplication-Swift.app */,
				53AEB5251A8B2D9400DA5671 /* TestWSMerchantApplication-SwiftTests.xctest */,
			);
			name = Products;
			sourceTree = "<group>";
		};
		53AEB5121A8B2D9300DA5671 /* TestWSMerchantApplication-Swift */ = {
			isa = PBXGroup;
			children = (
				535A53E21A970FC00070DD63 /* TestWSMerchantApplication-Swift.entitlements */,
				535E77881A9493CE004411CA /* SDK */,
				535E77871A9493B6004411CA /* images */,
				53AEB5151A8B2D9300DA5671 /* AppDelegate.swift */,
				53AEB5171A8B2D9300DA5671 /* ViewController.swift */,
				53AEB5191A8B2D9300DA5671 /* Main.storyboard */,
				53AEB51C1A8B2D9300DA5671 /* Images.xcassets */,
				53AEB51E1A8B2D9300DA5671 /* LaunchScreen.xib */,
				53AEB5131A8B2D9300DA5671 /* Supporting Files */,
				53C32F541A9470280057E423 /* TVViewController.swift */,
				B616825E1AB05A3F003A142D /* MerchantRealConfiguration.plist */,
			);
			path = "TestWSMerchantApplication-Swift";
			sourceTree = "<group>";
		};
		53AEB5131A8B2D9300DA5671 /* Supporting Files */ = {
			isa = PBXGroup;
			children = (
				53AEB5141A8B2D9300DA5671 /* Info.plist */,
			);
			name = "Supporting Files";
			sourceTree = "<group>";
		};
		53AEB5281A8B2D9400DA5671 /* TestWSMerchantApplication-SwiftTests */ = {
			isa = PBXGroup;
			children = (
				53AEB52B1A8B2D9400DA5671 /* TestWSMerchantApplication_SwiftTests.swift */,
				53AEB5291A8B2D9400DA5671 /* Supporting Files */,
			);
			path = "TestWSMerchantApplication-SwiftTests";
			sourceTree = "<group>";
		};
		53AEB5291A8B2D9400DA5671 /* Supporting Files */ = {
			isa = PBXGroup;
			children = (
				53AEB52A1A8B2D9400DA5671 /* Info.plist */,
			);
			name = "Supporting Files";
			sourceTree = "<group>";
		};
		53D783EC1ABFE873000680DF /* Authorization */ = {
			isa = PBXGroup;
			children = (
				53D783ED1ABFE884000680DF /* OPTAuthorizationProcess.h */,
				53D783EE1ABFE884000680DF /* OPTAuthorizationProcess.m */,
			);
			name = Authorization;
			sourceTree = "<group>";
		};
		53D783F01ABFE88A000680DF /* ApplePay */ = {
			isa = PBXGroup;
			children = (
				53451D621ADFABF700D84513 /* OptimalApplePay.framework */,
			);
			name = ApplePay;
			sourceTree = "<group>";
		};
/* End PBXGroup section */

/* Begin PBXNativeTarget section */
		53AEB50F1A8B2D9300DA5671 /* TestWSMerchantApplication-Swift */ = {
			isa = PBXNativeTarget;
			buildConfigurationList = 53AEB52F1A8B2D9400DA5671 /* Build configuration list for PBXNativeTarget "TestWSMerchantApplication-Swift" */;
			buildPhases = (
				53AEB50C1A8B2D9300DA5671 /* Sources */,
				53AEB50D1A8B2D9300DA5671 /* Frameworks */,
				53AEB50E1A8B2D9300DA5671 /* Resources */,
			);
			buildRules = (
			);
			dependencies = (
			);
			name = "TestWSMerchantApplication-Swift";
			productName = "TestWSMerchantApplication-Swift";
			productReference = 53AEB5101A8B2D9300DA5671 /* TestWSMerchantApplication-Swift.app */;
			productType = "com.apple.product-type.application";
		};
		53AEB5241A8B2D9400DA5671 /* TestWSMerchantApplication-SwiftTests */ = {
			isa = PBXNativeTarget;
			buildConfigurationList = 53AEB5321A8B2D9400DA5671 /* Build configuration list for PBXNativeTarget "TestWSMerchantApplication-SwiftTests" */;
			buildPhases = (
				53AEB5211A8B2D9400DA5671 /* Sources */,
				53AEB5221A8B2D9400DA5671 /* Frameworks */,
				53AEB5231A8B2D9400DA5671 /* Resources */,
			);
			buildRules = (
			);
			dependencies = (
				53AEB5271A8B2D9400DA5671 /* PBXTargetDependency */,
			);
			name = "TestWSMerchantApplication-SwiftTests";
			productName = "TestWSMerchantApplication-SwiftTests";
			productReference = 53AEB5251A8B2D9400DA5671 /* TestWSMerchantApplication-SwiftTests.xctest */;
			productType = "com.apple.product-type.bundle.unit-test";
		};
/* End PBXNativeTarget section */

/* Begin PBXProject section */
		53AEB5081A8B2D9300DA5671 /* Project object */ = {
			isa = PBXProject;
			attributes = {
				LastUpgradeCheck = 0610;
				ORGANIZATIONNAME = opus;
				TargetAttributes = {
					53AEB50F1A8B2D9300DA5671 = {
						CreatedOnToolsVersion = 6.1.1;
						DevelopmentTeam = JQ29TUS2B9;
						SystemCapabilities = {
							com.apple.OMC = {
								enabled = 1;
							};
						};
					};
					53AEB5241A8B2D9400DA5671 = {
						CreatedOnToolsVersion = 6.1.1;
						TestTargetID = 53AEB50F1A8B2D9300DA5671;
					};
				};
			};
			buildConfigurationList = 53AEB50B1A8B2D9300DA5671 /* Build configuration list for PBXProject "TestWSMerchantApplication-Swift" */;
			compatibilityVersion = "Xcode 3.2";
			developmentRegion = English;
			hasScannedForEncodings = 0;
			knownRegions = (
				en,
				Base,
			);
			mainGroup = 53AEB5071A8B2D9300DA5671;
			productRefGroup = 53AEB5111A8B2D9300DA5671 /* Products */;
			projectDirPath = "";
			projectRoot = "";
			targets = (
				53AEB50F1A8B2D9300DA5671 /* TestWSMerchantApplication-Swift */,
				53AEB5241A8B2D9400DA5671 /* TestWSMerchantApplication-SwiftTests */,
			);
		};
/* End PBXProject section */

/* Begin PBXResourcesBuildPhase section */
		53AEB50E1A8B2D9300DA5671 /* Resources */ = {
			isa = PBXResourcesBuildPhase;
			buildActionMask = 2147483647;
			files = (
				53AEB51B1A8B2D9300DA5671 /* Main.storyboard in Resources */,
				535E779A1A94AE2F004411CA /* ApplePayBTN_32pt__black_logo_@2x.png in Resources */,
				535E77841A947449004411CA /* Back_img.png in Resources */,
				53AEB5201A8B2D9300DA5671 /* LaunchScreen.xib in Resources */,
				535E77A21A94AE2F004411CA /* ApplePayBTN_32pt__whiteLine_logo_@2x.png in Resources */,
				53C32F471A9460FE0057E423 /* Shopping_img.png in Resources */,
				53AEB53B1A8B2DC300DA5671 /* BuyNow_btn.png in Resources */,
				535E77A01A94AE2F004411CA /* ApplePayBTN_32pt__white_textLogo_@2x.png in Resources */,
				53AEB53E1A8B2DC300DA5671 /* OptimalImg.png in Resources */,
				535E779D1A94AE2F004411CA /* ApplePayBTN_32pt__black_textLogo_@3x.png in Resources */,
				53AEB51D1A8B2D9300DA5671 /* Images.xcassets in Resources */,
				535E779E1A94AE2F004411CA /* ApplePayBTN_32pt__white_logo_@2x.png in Resources */,
				535E77A11A94AE2F004411CA /* ApplePayBTN_32pt__white_textLogo_@3x.png in Resources */,
				535E779F1A94AE2F004411CA /* ApplePayBTN_32pt__white_logo_@3x.png in Resources */,
				535E779C1A94AE2F004411CA /* ApplePayBTN_32pt__black_textLogo_@2x.png in Resources */,
				535E779B1A94AE2F004411CA /* ApplePayBTN_32pt__black_logo_@3x.png in Resources */,
				535E77A31A94AE2F004411CA /* ApplePayBTN_32pt__whiteLine_logo_@3x.png in Resources */,
				535E77A41A94AE2F004411CA /* ApplePayBTN_32pt__whiteLine_textLogo_@2x.png in Resources */,
				535E77861A949083004411CA /* Authorization.png in Resources */,
				53AEB53C1A8B2DC300DA5671 /* payNow_img.png in Resources */,
				535E77A51A94AE2F004411CA /* ApplePayBTN_32pt__whiteLine_textLogo_@3x.png in Resources */,
				B616825F1AB05A3F003A142D /* MerchantRealConfiguration.plist in Resources */,
			);
			runOnlyForDeploymentPostprocessing = 0;
		};
		53AEB5231A8B2D9400DA5671 /* Resources */ = {
			isa = PBXResourcesBuildPhase;
			buildActionMask = 2147483647;
			files = (
			);
			runOnlyForDeploymentPostprocessing = 0;
		};
/* End PBXResourcesBuildPhase section */

/* Begin PBXSourcesBuildPhase section */
		53AEB50C1A8B2D9300DA5671 /* Sources */ = {
			isa = PBXSourcesBuildPhase;
			buildActionMask = 2147483647;
			files = (
				5361C4381A8F160C00297152 /* TestWSMerchantApplication-Swift-Bridging-Header.h in Sources */,
				53D783EF1ABFE884000680DF /* OPTAuthorizationProcess.m in Sources */,
				53AEB5181A8B2D9300DA5671 /* ViewController.swift in Sources */,
				53C32F551A9470280057E423 /* TVViewController.swift in Sources */,
				53AEB5161A8B2D9300DA5671 /* AppDelegate.swift in Sources */,
			);
			runOnlyForDeploymentPostprocessing = 0;
		};
		53AEB5211A8B2D9400DA5671 /* Sources */ = {
			isa = PBXSourcesBuildPhase;
			buildActionMask = 2147483647;
			files = (
				53AEB52C1A8B2D9400DA5671 /* TestWSMerchantApplication_SwiftTests.swift in Sources */,
			);
			runOnlyForDeploymentPostprocessing = 0;
		};
/* End PBXSourcesBuildPhase section */

/* Begin PBXTargetDependency section */
		53AEB5271A8B2D9400DA5671 /* PBXTargetDependency */ = {
			isa = PBXTargetDependency;
			target = 53AEB50F1A8B2D9300DA5671 /* TestWSMerchantApplication-Swift */;
			targetProxy = 53AEB5261A8B2D9400DA5671 /* PBXContainerItemProxy */;
		};
/* End PBXTargetDependency section */

/* Begin PBXVariantGroup section */
		53AEB5191A8B2D9300DA5671 /* Main.storyboard */ = {
			isa = PBXVariantGroup;
			children = (
				53AEB51A1A8B2D9300DA5671 /* Base */,
			);
			name = Main.storyboard;
			sourceTree = "<group>";
		};
		53AEB51E1A8B2D9300DA5671 /* LaunchScreen.xib */ = {
			isa = PBXVariantGroup;
			children = (
				53AEB51F1A8B2D9300DA5671 /* Base */,
			);
			name = LaunchScreen.xib;
			sourceTree = "<group>";
		};
/* End PBXVariantGroup section */

/* Begin XCBuildConfiguration section */
		53AEB52D1A8B2D9400DA5671 /* Debug */ = {
			isa = XCBuildConfiguration;
			buildSettings = {
				ALWAYS_SEARCH_USER_PATHS = NO;
				CLANG_CXX_LANGUAGE_STANDARD = "gnu++0x";
				CLANG_CXX_LIBRARY = "libc++";
				CLANG_ENABLE_MODULES = YES;
				CLANG_ENABLE_OBJC_ARC = YES;
				CLANG_WARN_BOOL_CONVERSION = YES;
				CLANG_WARN_CONSTANT_CONVERSION = YES;
				CLANG_WARN_DIRECT_OBJC_ISA_USAGE = YES_ERROR;
				CLANG_WARN_EMPTY_BODY = YES;
				CLANG_WARN_ENUM_CONVERSION = YES;
				CLANG_WARN_INT_CONVERSION = YES;
				CLANG_WARN_OBJC_ROOT_CLASS = YES_ERROR;
				CLANG_WARN_UNREACHABLE_CODE = YES;
				CLANG_WARN__DUPLICATE_METHOD_MATCH = YES;
				"CODE_SIGN_IDENTITY[sdk=iphoneos*]" = "iPhone Developer";
				COPY_PHASE_STRIP = NO;
				ENABLE_STRICT_OBJC_MSGSEND = YES;
				GCC_C_LANGUAGE_STANDARD = gnu99;
				GCC_DYNAMIC_NO_PIC = NO;
				GCC_OPTIMIZATION_LEVEL = 0;
				GCC_PREPROCESSOR_DEFINITIONS = (
					"DEBUG=1",
					"$(inherited)",
				);
				GCC_SYMBOLS_PRIVATE_EXTERN = NO;
				GCC_WARN_64_TO_32_BIT_CONVERSION = YES;
				GCC_WARN_ABOUT_RETURN_TYPE = YES_ERROR;
				GCC_WARN_UNDECLARED_SELECTOR = YES;
				GCC_WARN_UNINITIALIZED_AUTOS = YES_AGGRESSIVE;
				GCC_WARN_UNUSED_FUNCTION = YES;
				GCC_WARN_UNUSED_VARIABLE = YES;
				IPHONEOS_DEPLOYMENT_TARGET = 8.1;
				MTL_ENABLE_DEBUG_INFO = YES;
				ONLY_ACTIVE_ARCH = YES;
				SDKROOT = iphoneos;
				SWIFT_OPTIMIZATION_LEVEL = "-Onone";
			};
			name = Debug;
		};
		53AEB52E1A8B2D9400DA5671 /* Release */ = {
			isa = XCBuildConfiguration;
			buildSettings = {
				ALWAYS_SEARCH_USER_PATHS = NO;
				CLANG_CXX_LANGUAGE_STANDARD = "gnu++0x";
				CLANG_CXX_LIBRARY = "libc++";
				CLANG_ENABLE_MODULES = YES;
				CLANG_ENABLE_OBJC_ARC = YES;
				CLANG_WARN_BOOL_CONVERSION = YES;
				CLANG_WARN_CONSTANT_CONVERSION = YES;
				CLANG_WARN_DIRECT_OBJC_ISA_USAGE = YES_ERROR;
				CLANG_WARN_EMPTY_BODY = YES;
				CLANG_WARN_ENUM_CONVERSION = YES;
				CLANG_WARN_INT_CONVERSION = YES;
				CLANG_WARN_OBJC_ROOT_CLASS = YES_ERROR;
				CLANG_WARN_UNREACHABLE_CODE = YES;
				CLANG_WARN__DUPLICATE_METHOD_MATCH = YES;
				"CODE_SIGN_IDENTITY[sdk=iphoneos*]" = "iPhone Developer";
				COPY_PHASE_STRIP = YES;
				ENABLE_NS_ASSERTIONS = NO;
				ENABLE_STRICT_OBJC_MSGSEND = YES;
				GCC_C_LANGUAGE_STANDARD = gnu99;
				GCC_WARN_64_TO_32_BIT_CONVERSION = YES;
				GCC_WARN_ABOUT_RETURN_TYPE = YES_ERROR;
				GCC_WARN_UNDECLARED_SELECTOR = YES;
				GCC_WARN_UNINITIALIZED_AUTOS = YES_AGGRESSIVE;
				GCC_WARN_UNUSED_FUNCTION = YES;
				GCC_WARN_UNUSED_VARIABLE = YES;
				IPHONEOS_DEPLOYMENT_TARGET = 8.1;
				MTL_ENABLE_DEBUG_INFO = NO;
				SDKROOT = iphoneos;
				VALIDATE_PRODUCT = YES;
			};
			name = Release;
		};
		53AEB5301A8B2D9400DA5671 /* Debug */ = {
			isa = XCBuildConfiguration;
			buildSettings = {
				ASSETCATALOG_COMPILER_APPICON_NAME = AppIcon;
				CLANG_ENABLE_MODULES = YES;
				CODE_SIGN_ENTITLEMENTS = "TestWSMerchantApplication-Swift/TestWSMerchantApplication-Swift.entitlements";
				CODE_SIGN_IDENTITY = "iPhone Developer: Shamez Budhwani (ZD3YXN3UT3)";
				"CODE_SIGN_IDENTITY[sdk=iphoneos*]" = "iPhone Developer: Shamez Budhwani (ZD3YXN3UT3)";
				ENABLE_NS_ASSERTIONS = NO;
				FRAMEWORK_SEARCH_PATHS = (
					"$(inherited)",
					"$(PROJECT_DIR)/TestWSMerchantApplication-Swift",
					/Users/opus/Desktop,
				);
				INFOPLIST_FILE = "TestWSMerchantApplication-Swift/Info.plist";
				LD_RUNPATH_SEARCH_PATHS = "$(inherited) @executable_path/Frameworks";
				PRODUCT_NAME = "$(TARGET_NAME)";
				PROVISIONING_PROFILE = "e7f47bbe-3187-4219-842c-c5175449c85f";
				SWIFT_OBJC_BRIDGING_HEADER = "TestWSMerchantApplication-Swift-Bridging-Header.h";
				SWIFT_OPTIMIZATION_LEVEL = "-Onone";
			};
			name = Debug;
		};
		53AEB5311A8B2D9400DA5671 /* Release */ = {
			isa = XCBuildConfiguration;
			buildSettings = {
				ASSETCATALOG_COMPILER_APPICON_NAME = AppIcon;
				CLANG_ENABLE_MODULES = YES;
				CODE_SIGN_ENTITLEMENTS = "TestWSMerchantApplication-Swift/TestWSMerchantApplication-Swift.entitlements";
				CODE_SIGN_IDENTITY = "iPhone Developer: Shamez Budhwani (ZD3YXN3UT3)";
				"CODE_SIGN_IDENTITY[sdk=iphoneos*]" = "iPhone Developer: Shamez Budhwani (ZD3YXN3UT3)";
				ENABLE_NS_ASSERTIONS = NO;
				FRAMEWORK_SEARCH_PATHS = (
					"$(inherited)",
					"$(PROJECT_DIR)/TestWSMerchantApplication-Swift",
					/Users/opus/Desktop,
				);
				INFOPLIST_FILE = "TestWSMerchantApplication-Swift/Info.plist";
				LD_RUNPATH_SEARCH_PATHS = "$(inherited) @executable_path/Frameworks";
				PRODUCT_NAME = "$(TARGET_NAME)";
				PROVISIONING_PROFILE = "e7f47bbe-3187-4219-842c-c5175449c85f";
				SWIFT_OBJC_BRIDGING_HEADER = "TestWSMerchantApplication-Swift-Bridging-Header.h";
			};
			name = Release;
		};
		53AEB5331A8B2D9400DA5671 /* Debug */ = {
			isa = XCBuildConfiguration;
			buildSettings = {
				BUNDLE_LOADER = "$(TEST_HOST)";
				FRAMEWORK_SEARCH_PATHS = (
					"$(SDKROOT)/Developer/Library/Frameworks",
					"$(inherited)",
				);
				GCC_PREPROCESSOR_DEFINITIONS = (
					"DEBUG=1",
					"$(inherited)",
				);
				INFOPLIST_FILE = "TestWSMerchantApplication-SwiftTests/Info.plist";
				LD_RUNPATH_SEARCH_PATHS = "$(inherited) @executable_path/Frameworks @loader_path/Frameworks";
				PRODUCT_NAME = "$(TARGET_NAME)";
				TEST_HOST = "$(BUILT_PRODUCTS_DIR)/TestWSMerchantApplication-Swift.app/TestWSMerchantApplication-Swift";
			};
			name = Debug;
		};
		53AEB5341A8B2D9400DA5671 /* Release */ = {
			isa = XCBuildConfiguration;
			buildSettings = {
				BUNDLE_LOADER = "$(TEST_HOST)";
				FRAMEWORK_SEARCH_PATHS = (
					"$(SDKROOT)/Developer/Library/Frameworks",
					"$(inherited)",
				);
				INFOPLIST_FILE = "TestWSMerchantApplication-SwiftTests/Info.plist";
				LD_RUNPATH_SEARCH_PATHS = "$(inherited) @executable_path/Frameworks @loader_path/Frameworks";
				PRODUCT_NAME = "$(TARGET_NAME)";
				TEST_HOST = "$(BUILT_PRODUCTS_DIR)/TestWSMerchantApplication-Swift.app/TestWSMerchantApplication-Swift";
			};
			name = Release;
		};
/* End XCBuildConfiguration section */

/* Begin XCConfigurationList section */
		53AEB50B1A8B2D9300DA5671 /* Build configuration list for PBXProject "TestWSMerchantApplication-Swift" */ = {
			isa = XCConfigurationList;
			buildConfigurations = (
				53AEB52D1A8B2D9400DA5671 /* Debug */,
				53AEB52E1A8B2D9400DA5671 /* Release */,
			);
			defaultConfigurationIsVisible = 0;
			defaultConfigurationName = Release;
		};
		53AEB52F1A8B2D9400DA5671 /* Build configuration list for PBXNativeTarget "TestWSMerchantApplication-Swift" */ = {
			isa = XCConfigurationList;
			buildConfigurations = (
				53AEB5301A8B2D9400DA5671 /* Debug */,
				53AEB5311A8B2D9400DA5671 /* Release */,
			);
			defaultConfigurationIsVisible = 0;
			defaultConfigurationName = Release;
		};
		53AEB5321A8B2D9400DA5671 /* Build configuration list for PBXNativeTarget "TestWSMerchantApplication-SwiftTests" */ = {
			isa = XCConfigurationList;
			buildConfigurations = (
				53AEB5331A8B2D9400DA5671 /* Debug */,
				53AEB5341A8B2D9400DA5671 /* Release */,
			);
			defaultConfigurationIsVisible = 0;
			defaultConfigurationName = Release;
		};
/* End XCConfigurationList section */
	};
	rootObject = 53AEB5081A8B2D9300DA5671 /* Project object */;
}
